PODS:
  - Bolts (1.1.5):
    - Bolts/AppLinks (= 1.1.5)
    - Bolts/Tasks (= 1.1.5)
  - Bolts/AppLinks (1.1.5):
    - Bolts/Tasks
  - Bolts/Tasks (1.1.5)
  - Gini-iOS-SDK (0.3.2):
    - Bolts (~> 1.1.0)
  - GiniVision (3.2.2)

DEPENDENCIES:
  - Gini-iOS-SDK
  - GiniVision (from `../`)

EXTERNAL SOURCES:
  GiniVision:
    :path: ../

SPEC CHECKSUMS:
  Bolts: aac24961496d504aa56fc267cde95162a71bac39
  Gini-iOS-SDK: eb35141d81af9f4fcb1a8937ba42c626e5b378c9
  GiniVision: 305591fb93590055bc54a8c800b36b65003cee88

PODFILE CHECKSUM: a87c082243c89b1f7c8c2bdf8399a28021b79b71

COCOAPODS: 1.3.1
