PODS:
  - Bolts (1.1.5):
    - Bolts/AppLinks (= 1.1.5)
    - Bolts/Tasks (= 1.1.5)
  - Bolts/AppLinks (1.1.5):
    - Bolts/Tasks
  - Bolts/Tasks (1.1.5)
  - Gini-iOS-SDK (0.3.0):
    - Bolts (~> 1.1.0)
  - GiniVision (3.0.3-beta)

DEPENDENCIES:
  - Gini-iOS-SDK
  - GiniVision (from `../`)

EXTERNAL SOURCES:
  GiniVision:
    :path: ../

SPEC CHECKSUMS:
  Bolts: aac24961496d504aa56fc267cde95162a71bac39
  Gini-iOS-SDK: a10593870472fb94fc82f6173cd35171d07ca0e3
  GiniVision: 5f2908290c7bb6622972cf8c8b284c56966d36ef

PODFILE CHECKSUM: a87c082243c89b1f7c8c2bdf8399a28021b79b71

COCOAPODS: 1.1.1
