PODS:
  - Bolts (1.1.5):
    - Bolts/AppLinks (= 1.1.5)
    - Bolts/Tasks (= 1.1.5)
  - Bolts/AppLinks (1.1.5):
    - Bolts/Tasks
  - Bolts/Tasks (1.1.5)
  - Gini-iOS-SDK (0.6.0):
    - Gini-iOS-SDK/Core (= 0.6.0)
  - Gini-iOS-SDK/Core (0.6.0):
    - Bolts (~> 1.1.5)
  - GiniVision (3.4.0-alpha.1):
    - GiniVision/Core (= 3.4.0-alpha.1)
  - GiniVision/Core (3.4.0-alpha.1)

DEPENDENCIES:
  - Gini-iOS-SDK
  - GiniVision (from `../`)

EXTERNAL SOURCES:
  GiniVision:
    :path: ../

SPEC CHECKSUMS:
  Bolts: aac24961496d504aa56fc267cde95162a71bac39
  Gini-iOS-SDK: 75c35076dbbdeff5b7ac8c90b8cbd63274dbc209
  GiniVision: 9488f743f3e51ced2656d3ba44826e8e3a2ad62f

PODFILE CHECKSUM: 5652ea7809a397ef1ee669c9f73404b886b28d43

COCOAPODS: 1.4.0
