PODS:
  - Bolts (1.1.5):
    - Bolts/AppLinks (= 1.1.5)
    - Bolts/Tasks (= 1.1.5)
  - Bolts/AppLinks (1.1.5):
    - Bolts/Tasks
  - Bolts/Tasks (1.1.5)
  - Gini-iOS-SDK (0.3.0):
    - Bolts (~> 1.1.0)
  - GiniVision (2.0.0-stub.3)

DEPENDENCIES:
  - Gini-iOS-SDK
  - GiniVision (from `../`)

EXTERNAL SOURCES:
  GiniVision:
    :path: ../

SPEC CHECKSUMS:
  Bolts: aac24961496d504aa56fc267cde95162a71bac39
  Gini-iOS-SDK: a10593870472fb94fc82f6173cd35171d07ca0e3
  GiniVision: df27125fa6112775795450bec02c4327f90c7271

PODFILE CHECKSUM: f1f2cd13fbad14a448330c44647f8fda7f5ed92b

COCOAPODS: 1.0.1
