// !$*UTF8*$!
{
	archiveVersion = 1;
	classes = {
	};
	objectVersion = 46;
	objects = {

/* Begin PBXBuildFile section */
		0A1D31131D12BB3600AC084C /* Localizable.strings in Resources */ = {isa = PBXBuildFile; fileRef = 0A1D31121D12BB3600AC084C /* Localizable.strings */; };
		0A3B965D1D478C9D00BFEF05 /* GINIOnboardingUITests.swift in Sources */ = {isa = PBXBuildFile; fileRef = 0A3B965C1D478C9D00BFEF05 /* GINIOnboardingUITests.swift */; };
		0A3FEE4E1D58C4C4002A3735 /* GINIReviewUITests.swift in Sources */ = {isa = PBXBuildFile; fileRef = 0A3FEE4D1D58C4C4002A3735 /* GINIReviewUITests.swift */; };
		0A4760601D4F5452003F8B6A /* invoice.jpg in Resources */ = {isa = PBXBuildFile; fileRef = 0A4C62AA1D4F535500A15FFA /* invoice.jpg */; };
		0A4760611D4F5453003F8B6A /* invoice.jpg in Resources */ = {isa = PBXBuildFile; fileRef = 0A4C62AA1D4F535500A15FFA /* invoice.jpg */; };
		0A4760631D4F5C98003F8B6A /* GINICameraUITests.swift in Sources */ = {isa = PBXBuildFile; fileRef = 0A4760621D4F5C98003F8B6A /* GINICameraUITests.swift */; };
		0A4C62AC1D4F535A00A15FFA /* invoice.jpg in Resources */ = {isa = PBXBuildFile; fileRef = 0A4C62AA1D4F535500A15FFA /* invoice.jpg */; };
		0A5DDCA61D9E6A5300EBDDCD /* Settings.bundle in Resources */ = {isa = PBXBuildFile; fileRef = 0A5DDCA51D9E6A5300EBDDCD /* Settings.bundle */; };
		0A6A78A61E140F8500AEB328 /* GINIOnboardingViewControllerTests.swift in Sources */ = {isa = PBXBuildFile; fileRef = 0A6A78A51E140F8500AEB328 /* GINIOnboardingViewControllerTests.swift */; };
		0A6A78A81E1412E000AEB328 /* GINICameraViewControllerTests.swift in Sources */ = {isa = PBXBuildFile; fileRef = 0A6A78A71E1412E000AEB328 /* GINICameraViewControllerTests.swift */; };
		0A735C371D3948E7000444A7 /* ComponentAPIAnalysisViewController.swift in Sources */ = {isa = PBXBuildFile; fileRef = 0A735C361D3948E7000444A7 /* ComponentAPIAnalysisViewController.swift */; };
		0A82FAD21D59D78300D84632 /* GINIAnalysisUITests.swift in Sources */ = {isa = PBXBuildFile; fileRef = 0A82FAD11D59D78300D84632 /* GINIAnalysisUITests.swift */; };
		0AAE6D481D6B473900EE9EDD /* CancelationToken.swift in Sources */ = {isa = PBXBuildFile; fileRef = 0AAE6D471D6B473900EE9EDD /* CancelationToken.swift */; };
		0AAE6D4A1D6B6BC500EE9EDD /* NoResultViewController.swift in Sources */ = {isa = PBXBuildFile; fileRef = 0AAE6D491D6B6BC500EE9EDD /* NoResultViewController.swift */; };
		0AAE6D4C1D6B6C0B00EE9EDD /* ResultTableViewController.swift in Sources */ = {isa = PBXBuildFile; fileRef = 0AAE6D4B1D6B6C0B00EE9EDD /* ResultTableViewController.swift */; };
		0AE3571C1D196CEB006785EE /* ComponentAPIReviewViewController.swift in Sources */ = {isa = PBXBuildFile; fileRef = 0AE3571B1D196CEB006785EE /* ComponentAPIReviewViewController.swift */; };
		0AEACE0A1D6385F700052120 /* DocumentService.swift in Sources */ = {isa = PBXBuildFile; fileRef = 0AEACE091D6385F700052120 /* DocumentService.swift */; };
		0AFE00C41D130C7E00E4425C /* ComponentAPICameraViewController.swift in Sources */ = {isa = PBXBuildFile; fileRef = 0AFE00C31D130C7E00E4425C /* ComponentAPICameraViewController.swift */; };
		1F2A7D341F6F9F910028C127 /* testPDF2Pages.pdf in Resources */ = {isa = PBXBuildFile; fileRef = 1F2A7D331F6F9F910028C127 /* testPDF2Pages.pdf */; };
		1F2E1A9D1FB4855000E1022A /* ComponentAPIOnboardingViewController.swift in Sources */ = {isa = PBXBuildFile; fileRef = 1F2E1A9C1FB4855000E1022A /* ComponentAPIOnboardingViewController.swift */; };
		1F2E1A9F1FB58E2200E1022A /* AppCoordinator.swift in Sources */ = {isa = PBXBuildFile; fileRef = 1F2E1A9E1FB58E2200E1022A /* AppCoordinator.swift */; };
		1F2E1AA11FB58EC900E1022A /* Coordinator.swift in Sources */ = {isa = PBXBuildFile; fileRef = 1F2E1AA01FB58EC900E1022A /* Coordinator.swift */; };
		1F2E1AA31FB5AD5D00E1022A /* ScreenAPICoordinator.swift in Sources */ = {isa = PBXBuildFile; fileRef = 1F2E1AA21FB5AD5D00E1022A /* ScreenAPICoordinator.swift */; };
		1F3B5EA520494A1D0052204A /* AlbumsPickerViewControllerDelegateMock.swift in Sources */ = {isa = PBXBuildFile; fileRef = 1F3B5EA420494A1D0052204A /* AlbumsPickerViewControllerDelegateMock.swift */; };
		1F3B5EA8204952500052204A /* ImagePickerViewControllerDelegateMock.swift in Sources */ = {isa = PBXBuildFile; fileRef = 1F3B5EA620494FEB0052204A /* ImagePickerViewControllerDelegateMock.swift */; };
		1F3B5EAA2049542F0052204A /* GalleryCoordinatorTests.swift in Sources */ = {isa = PBXBuildFile; fileRef = 1F3B5EA92049542F0052204A /* GalleryCoordinatorTests.swift */; };
		1F3B5EAC2049554A0052204A /* GalleryCoordinatorDelegateMock.swift in Sources */ = {isa = PBXBuildFile; fileRef = 1F3B5EAB2049554A0052204A /* GalleryCoordinatorDelegateMock.swift */; };
		1F3F5A0720443AEA0037755F /* ImagePickerViewControllerTests.swift in Sources */ = {isa = PBXBuildFile; fileRef = 1F3F5A0620443AEA0037755F /* ImagePickerViewControllerTests.swift */; };
		1F3F5A0B2044400F0037755F /* GalleryManagerMock.swift in Sources */ = {isa = PBXBuildFile; fileRef = 1F3F5A0A2044400F0037755F /* GalleryManagerMock.swift */; };
		1F3F5A11204461720037755F /* AlbumsPickerViewControllerTests.swift in Sources */ = {isa = PBXBuildFile; fileRef = 1F3F5A10204461720037755F /* AlbumsPickerViewControllerTests.swift */; };
		1F53F5101FE967C5009E2677 /* RootNavigationController.swift in Sources */ = {isa = PBXBuildFile; fileRef = 1F53F50F1FE967C5009E2677 /* RootNavigationController.swift */; };
		1F578E111FBD7C7D00C17F62 /* SettingsViewController.swift in Sources */ = {isa = PBXBuildFile; fileRef = 1F578E101FBD7C7D00C17F62 /* SettingsViewController.swift */; };
		1F578E131FBD81A300C17F62 /* GINISettingsViewControllerTests.swift in Sources */ = {isa = PBXBuildFile; fileRef = 1F578E121FBD81A300C17F62 /* GINISettingsViewControllerTests.swift */; };
		1F5F53321F5DB2E300D4BF06 /* Images.xcassets in Resources */ = {isa = PBXBuildFile; fileRef = 607FACDC1AFB9204008FA782 /* Images.xcassets */; };
		1F62FA3A1FA2207800CEA828 /* GINIImageNoResultsViewControllerTests.swift in Sources */ = {isa = PBXBuildFile; fileRef = 1F62FA351FA2207200CEA828 /* GINIImageNoResultsViewControllerTests.swift */; };
		1F62FA3B1FA2207800CEA828 /* GINIOpenWithTutorialViewControllerTests.swift in Sources */ = {isa = PBXBuildFile; fileRef = 1F62FA341FA2207100CEA828 /* GINIOpenWithTutorialViewControllerTests.swift */; };
		1F62FA3C1FA2207800CEA828 /* GINISupportedFormatsViewControllerTests.swift in Sources */ = {isa = PBXBuildFile; fileRef = 1F62FA361FA2207200CEA828 /* GINISupportedFormatsViewControllerTests.swift */; };
		1F66D9892020A3180093771C /* GINIMultipageReviewControllerTests.swift in Sources */ = {isa = PBXBuildFile; fileRef = 1F66D9882020A3180093771C /* GINIMultipageReviewControllerTests.swift */; };
		1F8547641F56E44700B1CAC6 /* GINIVisionDocumentTests.swift in Sources */ = {isa = PBXBuildFile; fileRef = 1F8547631F56E44700B1CAC6 /* GINIVisionDocumentTests.swift */; };
		1F8FAC422020AA1C00F586EF /* invoice2.jpg in Resources */ = {isa = PBXBuildFile; fileRef = 1F8FAC412020AA1C00F586EF /* invoice2.jpg */; };
		1F8FAC442020AA6200F586EF /* invoice3.jpg in Resources */ = {isa = PBXBuildFile; fileRef = 1F8FAC432020AA6200F586EF /* invoice3.jpg */; };
		1F9411881FB9F4AE0019DECD /* GINIComponentAPICoordinatorTests.swift in Sources */ = {isa = PBXBuildFile; fileRef = 1F9411871FB9F4AE0019DECD /* GINIComponentAPICoordinatorTests.swift */; };
		1F94118B1FBAEB7D0019DECD /* GINIScreenAPICoordinatorTests.swift in Sources */ = {isa = PBXBuildFile; fileRef = 1F94118A1FBAEB7D0019DECD /* GINIScreenAPICoordinatorTests.swift */; };
		1F9466C5203702E600F52B40 /* CredentialsManager.swift in Sources */ = {isa = PBXBuildFile; fileRef = 1F9466C4203702E600F52B40 /* CredentialsManager.swift */; };
		1F9F321C1FED3BC300C7CFFE /* Credentials.plist in Resources */ = {isa = PBXBuildFile; fileRef = 1F9F321B1FED3BC200C7CFFE /* Credentials.plist */; };
		1FA85EFA1FD6B569005C0C24 /* GINIQRCodeDocumentTests.swift in Sources */ = {isa = PBXBuildFile; fileRef = 1FA85EF81FD6B520005C0C24 /* GINIQRCodeDocumentTests.swift */; };
		1FAC24DA1F97A39000861F60 /* GINIHelpMenuViewControllerTests.swift in Sources */ = {isa = PBXBuildFile; fileRef = 1FAC24D91F97A39000861F60 /* GINIHelpMenuViewControllerTests.swift */; };
		1FB0C66C1F866B9F00AFE9F9 /* GINIAnalysisViewControllerTests.swift in Sources */ = {isa = PBXBuildFile; fileRef = 1FB0C66B1F866B9F00AFE9F9 /* GINIAnalysisViewControllerTests.swift */; };
		1FD4DBDC20D1002300A87443 /* OpaqueViewTests.swift in Sources */ = {isa = PBXBuildFile; fileRef = 1FD4DBDB20D1002300A87443 /* OpaqueViewTests.swift */; };
		1FD55CBE1F66BF9000A1F9C7 /* Extensions.swift in Sources */ = {isa = PBXBuildFile; fileRef = 1FD55CBD1F66BF9000A1F9C7 /* Extensions.swift */; };
		1FEEADA91F793F84005BA159 /* ComponentAPICoordinator.swift in Sources */ = {isa = PBXBuildFile; fileRef = 1FEEADA81F793F84005BA159 /* ComponentAPICoordinator.swift */; };
		1FEED28D1F6ABEA40068E8AB /* testPDF-rotated90.pdf in Resources */ = {isa = PBXBuildFile; fileRef = 1FEED2891F6ABEA40068E8AB /* testPDF-rotated90.pdf */; };
		1FEED28E1F6ABEA40068E8AB /* testPDF-rotated270.pdf in Resources */ = {isa = PBXBuildFile; fileRef = 1FEED28A1F6ABEA40068E8AB /* testPDF-rotated270.pdf */; };
		1FEED28F1F6ABEA40068E8AB /* testPDF-rotated180.pdf in Resources */ = {isa = PBXBuildFile; fileRef = 1FEED28B1F6ABEA40068E8AB /* testPDF-rotated180.pdf */; };
		1FEED2921F6ABEC10068E8AB /* GINIPDFDocumentTests.swift in Sources */ = {isa = PBXBuildFile; fileRef = 1FEED2911F6ABEC10068E8AB /* GINIPDFDocumentTests.swift */; };
		1FEED2941F6AC0440068E8AB /* testPDF.pdf in Resources */ = {isa = PBXBuildFile; fileRef = 1FEED2931F6AC0440068E8AB /* testPDF.pdf */; };
		2C6F599D8B27A6A37706D1EA /* Pods_GiniVision_UITests.framework in Frameworks */ = {isa = PBXBuildFile; fileRef = C02ECA63474B5ED5FCF96CEA /* Pods_GiniVision_UITests.framework */; };
		37975173A4FFCC2734442225 /* Pods_GiniVision_Example.framework in Frameworks */ = {isa = PBXBuildFile; fileRef = 0E30FF133638A1E33E023726 /* Pods_GiniVision_Example.framework */; };
		607FACD61AFB9204008FA782 /* AppDelegate.swift in Sources */ = {isa = PBXBuildFile; fileRef = 607FACD51AFB9204008FA782 /* AppDelegate.swift */; };
		607FACD81AFB9204008FA782 /* SelectAPIViewController.swift in Sources */ = {isa = PBXBuildFile; fileRef = 607FACD71AFB9204008FA782 /* SelectAPIViewController.swift */; };
		607FACDB1AFB9204008FA782 /* Main.storyboard in Resources */ = {isa = PBXBuildFile; fileRef = 607FACD91AFB9204008FA782 /* Main.storyboard */; };
		607FACDD1AFB9204008FA782 /* Images.xcassets in Resources */ = {isa = PBXBuildFile; fileRef = 607FACDC1AFB9204008FA782 /* Images.xcassets */; };
		607FACE01AFB9204008FA782 /* LaunchScreen.xib in Resources */ = {isa = PBXBuildFile; fileRef = 607FACDE1AFB9204008FA782 /* LaunchScreen.xib */; };
		607FACEC1AFB9204008FA782 /* GINIMetaInformationManagerTests.swift in Sources */ = {isa = PBXBuildFile; fileRef = 607FACEB1AFB9204008FA782 /* GINIMetaInformationManagerTests.swift */; };
		9889A1A053FAF0C55227AE0D /* Pods_GiniVision_Tests.framework in Frameworks */ = {isa = PBXBuildFile; fileRef = D84ABA0EC19897FA6833F761 /* Pods_GiniVision_Tests.framework */; };
/* End PBXBuildFile section */

/* Begin PBXContainerItemProxy section */
		0A3B96571D478BF700BFEF05 /* PBXContainerItemProxy */ = {
			isa = PBXContainerItemProxy;
			containerPortal = 607FACC81AFB9204008FA782 /* Project object */;
			proxyType = 1;
			remoteGlobalIDString = 607FACCF1AFB9204008FA782;
			remoteInfo = GiniVision_Example;
		};
		607FACE61AFB9204008FA782 /* PBXContainerItemProxy */ = {
			isa = PBXContainerItemProxy;
			containerPortal = 607FACC81AFB9204008FA782 /* Project object */;
			proxyType = 1;
			remoteGlobalIDString = 607FACCF1AFB9204008FA782;
			remoteInfo = GiniVision;
		};
/* End PBXContainerItemProxy section */

/* Begin PBXFileReference section */
		0A1D31121D12BB3600AC084C /* Localizable.strings */ = {isa = PBXFileReference; fileEncoding = 4; lastKnownFileType = text.plist.strings; path = Localizable.strings; sourceTree = "<group>"; };
		0A3B96521D478BF700BFEF05 /* GiniVision_UITests.xctest */ = {isa = PBXFileReference; explicitFileType = wrapper.cfbundle; includeInIndex = 0; path = GiniVision_UITests.xctest; sourceTree = BUILT_PRODUCTS_DIR; };
		0A3B965C1D478C9D00BFEF05 /* GINIOnboardingUITests.swift */ = {isa = PBXFileReference; fileEncoding = 4; lastKnownFileType = sourcecode.swift; name = GINIOnboardingUITests.swift; path = UITests/GINIOnboardingUITests.swift; sourceTree = SOURCE_ROOT; };
		0A3B965E1D478CB200BFEF05 /* Info.plist */ = {isa = PBXFileReference; fileEncoding = 4; lastKnownFileType = text.plist.xml; name = Info.plist; path = UITests/Info.plist; sourceTree = SOURCE_ROOT; };
		0A3FEE4D1D58C4C4002A3735 /* GINIReviewUITests.swift */ = {isa = PBXFileReference; fileEncoding = 4; lastKnownFileType = sourcecode.swift; name = GINIReviewUITests.swift; path = UITests/GINIReviewUITests.swift; sourceTree = SOURCE_ROOT; };
		0A4760621D4F5C98003F8B6A /* GINICameraUITests.swift */ = {isa = PBXFileReference; fileEncoding = 4; lastKnownFileType = sourcecode.swift; name = GINICameraUITests.swift; path = UITests/GINICameraUITests.swift; sourceTree = SOURCE_ROOT; };
		0A4C62AA1D4F535500A15FFA /* invoice.jpg */ = {isa = PBXFileReference; lastKnownFileType = image.jpeg; path = invoice.jpg; sourceTree = "<group>"; };
		0A5379301DF96DD300B0FFE9 /* GiniVision_Example.entitlements */ = {isa = PBXFileReference; lastKnownFileType = text.plist.entitlements; path = GiniVision_Example.entitlements; sourceTree = SOURCE_ROOT; };
		0A5DDCA51D9E6A5300EBDDCD /* Settings.bundle */ = {isa = PBXFileReference; lastKnownFileType = "wrapper.plug-in"; path = Settings.bundle; sourceTree = "<group>"; };
		0A6A78A51E140F8500AEB328 /* GINIOnboardingViewControllerTests.swift */ = {isa = PBXFileReference; fileEncoding = 4; lastKnownFileType = sourcecode.swift; path = GINIOnboardingViewControllerTests.swift; sourceTree = "<group>"; };
		0A6A78A71E1412E000AEB328 /* GINICameraViewControllerTests.swift */ = {isa = PBXFileReference; fileEncoding = 4; lastKnownFileType = sourcecode.swift; path = GINICameraViewControllerTests.swift; sourceTree = "<group>"; };
		0A735C361D3948E7000444A7 /* ComponentAPIAnalysisViewController.swift */ = {isa = PBXFileReference; fileEncoding = 4; lastKnownFileType = sourcecode.swift; path = ComponentAPIAnalysisViewController.swift; sourceTree = "<group>"; };
		0A82FAD11D59D78300D84632 /* GINIAnalysisUITests.swift */ = {isa = PBXFileReference; fileEncoding = 4; lastKnownFileType = sourcecode.swift; name = GINIAnalysisUITests.swift; path = UITests/GINIAnalysisUITests.swift; sourceTree = SOURCE_ROOT; };
		0AAE6D471D6B473900EE9EDD /* CancelationToken.swift */ = {isa = PBXFileReference; fileEncoding = 4; lastKnownFileType = sourcecode.swift; path = CancelationToken.swift; sourceTree = "<group>"; };
		0AAE6D491D6B6BC500EE9EDD /* NoResultViewController.swift */ = {isa = PBXFileReference; fileEncoding = 4; lastKnownFileType = sourcecode.swift; path = NoResultViewController.swift; sourceTree = "<group>"; };
		0AAE6D4B1D6B6C0B00EE9EDD /* ResultTableViewController.swift */ = {isa = PBXFileReference; fileEncoding = 4; lastKnownFileType = sourcecode.swift; path = ResultTableViewController.swift; sourceTree = "<group>"; };
		0AE3571B1D196CEB006785EE /* ComponentAPIReviewViewController.swift */ = {isa = PBXFileReference; fileEncoding = 4; lastKnownFileType = sourcecode.swift; path = ComponentAPIReviewViewController.swift; sourceTree = "<group>"; };
		0AEACE091D6385F700052120 /* DocumentService.swift */ = {isa = PBXFileReference; fileEncoding = 4; lastKnownFileType = sourcecode.swift; path = DocumentService.swift; sourceTree = "<group>"; };
		0AFE00C31D130C7E00E4425C /* ComponentAPICameraViewController.swift */ = {isa = PBXFileReference; fileEncoding = 4; lastKnownFileType = sourcecode.swift; path = ComponentAPICameraViewController.swift; sourceTree = "<group>"; };
		0E30FF133638A1E33E023726 /* Pods_GiniVision_Example.framework */ = {isa = PBXFileReference; explicitFileType = wrapper.framework; includeInIndex = 0; path = Pods_GiniVision_Example.framework; sourceTree = BUILT_PRODUCTS_DIR; };
		156A507DBF7F781FDA55A5E2 /* Pods-GiniVision_UITests.debug.xcconfig */ = {isa = PBXFileReference; includeInIndex = 1; lastKnownFileType = text.xcconfig; name = "Pods-GiniVision_UITests.debug.xcconfig"; path = "Pods/Target Support Files/Pods-GiniVision_UITests/Pods-GiniVision_UITests.debug.xcconfig"; sourceTree = "<group>"; };
		1F2A7D331F6F9F910028C127 /* testPDF2Pages.pdf */ = {isa = PBXFileReference; lastKnownFileType = image.pdf; path = testPDF2Pages.pdf; sourceTree = "<group>"; };
		1F2E1A9C1FB4855000E1022A /* ComponentAPIOnboardingViewController.swift */ = {isa = PBXFileReference; fileEncoding = 4; lastKnownFileType = sourcecode.swift; path = ComponentAPIOnboardingViewController.swift; sourceTree = "<group>"; };
		1F2E1A9E1FB58E2200E1022A /* AppCoordinator.swift */ = {isa = PBXFileReference; lastKnownFileType = sourcecode.swift; path = AppCoordinator.swift; sourceTree = "<group>"; };
		1F2E1AA01FB58EC900E1022A /* Coordinator.swift */ = {isa = PBXFileReference; lastKnownFileType = sourcecode.swift; path = Coordinator.swift; sourceTree = "<group>"; };
		1F2E1AA21FB5AD5D00E1022A /* ScreenAPICoordinator.swift */ = {isa = PBXFileReference; lastKnownFileType = sourcecode.swift; path = ScreenAPICoordinator.swift; sourceTree = "<group>"; };
		1F3B5EA420494A1D0052204A /* AlbumsPickerViewControllerDelegateMock.swift */ = {isa = PBXFileReference; lastKnownFileType = sourcecode.swift; path = AlbumsPickerViewControllerDelegateMock.swift; sourceTree = "<group>"; };
		1F3B5EA620494FEB0052204A /* ImagePickerViewControllerDelegateMock.swift */ = {isa = PBXFileReference; lastKnownFileType = sourcecode.swift; path = ImagePickerViewControllerDelegateMock.swift; sourceTree = "<group>"; };
		1F3B5EA92049542F0052204A /* GalleryCoordinatorTests.swift */ = {isa = PBXFileReference; lastKnownFileType = sourcecode.swift; path = GalleryCoordinatorTests.swift; sourceTree = "<group>"; };
		1F3B5EAB2049554A0052204A /* GalleryCoordinatorDelegateMock.swift */ = {isa = PBXFileReference; lastKnownFileType = sourcecode.swift; path = GalleryCoordinatorDelegateMock.swift; sourceTree = "<group>"; };
		1F3F5A0620443AEA0037755F /* ImagePickerViewControllerTests.swift */ = {isa = PBXFileReference; lastKnownFileType = sourcecode.swift; path = ImagePickerViewControllerTests.swift; sourceTree = "<group>"; };
		1F3F5A0A2044400F0037755F /* GalleryManagerMock.swift */ = {isa = PBXFileReference; lastKnownFileType = sourcecode.swift; path = GalleryManagerMock.swift; sourceTree = "<group>"; };
		1F3F5A10204461720037755F /* AlbumsPickerViewControllerTests.swift */ = {isa = PBXFileReference; lastKnownFileType = sourcecode.swift; path = AlbumsPickerViewControllerTests.swift; sourceTree = "<group>"; };
		1F53F50F1FE967C5009E2677 /* RootNavigationController.swift */ = {isa = PBXFileReference; lastKnownFileType = sourcecode.swift; path = RootNavigationController.swift; sourceTree = "<group>"; };
		1F578E101FBD7C7D00C17F62 /* SettingsViewController.swift */ = {isa = PBXFileReference; fileEncoding = 4; lastKnownFileType = sourcecode.swift; path = SettingsViewController.swift; sourceTree = "<group>"; };
		1F578E121FBD81A300C17F62 /* GINISettingsViewControllerTests.swift */ = {isa = PBXFileReference; lastKnownFileType = sourcecode.swift; path = GINISettingsViewControllerTests.swift; sourceTree = "<group>"; };
		1F62FA341FA2207100CEA828 /* GINIOpenWithTutorialViewControllerTests.swift */ = {isa = PBXFileReference; fileEncoding = 4; lastKnownFileType = sourcecode.swift; path = GINIOpenWithTutorialViewControllerTests.swift; sourceTree = "<group>"; };
		1F62FA351FA2207200CEA828 /* GINIImageNoResultsViewControllerTests.swift */ = {isa = PBXFileReference; fileEncoding = 4; lastKnownFileType = sourcecode.swift; path = GINIImageNoResultsViewControllerTests.swift; sourceTree = "<group>"; };
		1F62FA361FA2207200CEA828 /* GINISupportedFormatsViewControllerTests.swift */ = {isa = PBXFileReference; fileEncoding = 4; lastKnownFileType = sourcecode.swift; path = GINISupportedFormatsViewControllerTests.swift; sourceTree = "<group>"; };
		1F66D9882020A3180093771C /* GINIMultipageReviewControllerTests.swift */ = {isa = PBXFileReference; lastKnownFileType = sourcecode.swift; path = GINIMultipageReviewControllerTests.swift; sourceTree = "<group>"; };
		1F8547631F56E44700B1CAC6 /* GINIVisionDocumentTests.swift */ = {isa = PBXFileReference; lastKnownFileType = sourcecode.swift; path = GINIVisionDocumentTests.swift; sourceTree = "<group>"; };
		1F8FAC412020AA1C00F586EF /* invoice2.jpg */ = {isa = PBXFileReference; lastKnownFileType = image.jpeg; path = invoice2.jpg; sourceTree = "<group>"; };
		1F8FAC432020AA6200F586EF /* invoice3.jpg */ = {isa = PBXFileReference; lastKnownFileType = image.jpeg; path = invoice3.jpg; sourceTree = "<group>"; };
		1F9411871FB9F4AE0019DECD /* GINIComponentAPICoordinatorTests.swift */ = {isa = PBXFileReference; lastKnownFileType = sourcecode.swift; path = GINIComponentAPICoordinatorTests.swift; sourceTree = "<group>"; };
		1F94118A1FBAEB7D0019DECD /* GINIScreenAPICoordinatorTests.swift */ = {isa = PBXFileReference; lastKnownFileType = sourcecode.swift; path = GINIScreenAPICoordinatorTests.swift; sourceTree = "<group>"; };
		1F9466C4203702E600F52B40 /* CredentialsManager.swift */ = {isa = PBXFileReference; lastKnownFileType = sourcecode.swift; path = CredentialsManager.swift; sourceTree = "<group>"; };
		1F9F321B1FED3BC200C7CFFE /* Credentials.plist */ = {isa = PBXFileReference; lastKnownFileType = text.plist.xml; path = Credentials.plist; sourceTree = SOURCE_ROOT; };
		1FA85EF81FD6B520005C0C24 /* GINIQRCodeDocumentTests.swift */ = {isa = PBXFileReference; lastKnownFileType = sourcecode.swift; path = GINIQRCodeDocumentTests.swift; sourceTree = "<group>"; };
		1FAC24D91F97A39000861F60 /* GINIHelpMenuViewControllerTests.swift */ = {isa = PBXFileReference; lastKnownFileType = sourcecode.swift; path = GINIHelpMenuViewControllerTests.swift; sourceTree = "<group>"; };
		1FB0C66B1F866B9F00AFE9F9 /* GINIAnalysisViewControllerTests.swift */ = {isa = PBXFileReference; lastKnownFileType = sourcecode.swift; path = GINIAnalysisViewControllerTests.swift; sourceTree = "<group>"; };
		1FD4DBDB20D1002300A87443 /* OpaqueViewTests.swift */ = {isa = PBXFileReference; lastKnownFileType = sourcecode.swift; path = OpaqueViewTests.swift; sourceTree = "<group>"; };
		1FD55CBD1F66BF9000A1F9C7 /* Extensions.swift */ = {isa = PBXFileReference; lastKnownFileType = sourcecode.swift; path = Extensions.swift; sourceTree = "<group>"; };
		1FEEADA81F793F84005BA159 /* ComponentAPICoordinator.swift */ = {isa = PBXFileReference; lastKnownFileType = sourcecode.swift; path = ComponentAPICoordinator.swift; sourceTree = "<group>"; };
		1FEED2891F6ABEA40068E8AB /* testPDF-rotated90.pdf */ = {isa = PBXFileReference; lastKnownFileType = image.pdf; path = "testPDF-rotated90.pdf"; sourceTree = "<group>"; };
		1FEED28A1F6ABEA40068E8AB /* testPDF-rotated270.pdf */ = {isa = PBXFileReference; lastKnownFileType = image.pdf; path = "testPDF-rotated270.pdf"; sourceTree = "<group>"; };
		1FEED28B1F6ABEA40068E8AB /* testPDF-rotated180.pdf */ = {isa = PBXFileReference; lastKnownFileType = image.pdf; path = "testPDF-rotated180.pdf"; sourceTree = "<group>"; };
		1FEED2911F6ABEC10068E8AB /* GINIPDFDocumentTests.swift */ = {isa = PBXFileReference; lastKnownFileType = sourcecode.swift; path = GINIPDFDocumentTests.swift; sourceTree = "<group>"; };
		1FEED2931F6AC0440068E8AB /* testPDF.pdf */ = {isa = PBXFileReference; lastKnownFileType = image.pdf; path = testPDF.pdf; sourceTree = "<group>"; };
		20C11219DD668F0EB599E7EC /* Pods-GiniVision_Example.in house.xcconfig */ = {isa = PBXFileReference; includeInIndex = 1; lastKnownFileType = text.xcconfig; name = "Pods-GiniVision_Example.in house.xcconfig"; path = "Pods/Target Support Files/Pods-GiniVision_Example/Pods-GiniVision_Example.in house.xcconfig"; sourceTree = "<group>"; };
		28FA9DC48A643D78D00DB131 /* Pods-GiniVision_Tests.debug.xcconfig */ = {isa = PBXFileReference; includeInIndex = 1; lastKnownFileType = text.xcconfig; name = "Pods-GiniVision_Tests.debug.xcconfig"; path = "Pods/Target Support Files/Pods-GiniVision_Tests/Pods-GiniVision_Tests.debug.xcconfig"; sourceTree = "<group>"; };
		3AFCE27BDC0098A311CCFB18 /* README.md */ = {isa = PBXFileReference; includeInIndex = 1; lastKnownFileType = net.daringfireball.markdown; name = README.md; path = ../README.md; sourceTree = "<group>"; };
		607FACD01AFB9204008FA782 /* GiniVision_Example.app */ = {isa = PBXFileReference; explicitFileType = wrapper.application; includeInIndex = 0; path = GiniVision_Example.app; sourceTree = BUILT_PRODUCTS_DIR; };
		607FACD41AFB9204008FA782 /* Info.plist */ = {isa = PBXFileReference; lastKnownFileType = text.plist.xml; path = Info.plist; sourceTree = "<group>"; };
		607FACD51AFB9204008FA782 /* AppDelegate.swift */ = {isa = PBXFileReference; lastKnownFileType = sourcecode.swift; path = AppDelegate.swift; sourceTree = "<group>"; };
		607FACD71AFB9204008FA782 /* SelectAPIViewController.swift */ = {isa = PBXFileReference; lastKnownFileType = sourcecode.swift; path = SelectAPIViewController.swift; sourceTree = "<group>"; };
		607FACDA1AFB9204008FA782 /* Base */ = {isa = PBXFileReference; lastKnownFileType = file.storyboard; name = Base; path = Base.lproj/Main.storyboard; sourceTree = "<group>"; };
		607FACDC1AFB9204008FA782 /* Images.xcassets */ = {isa = PBXFileReference; lastKnownFileType = folder.assetcatalog; path = Images.xcassets; sourceTree = "<group>"; };
		607FACDF1AFB9204008FA782 /* Base */ = {isa = PBXFileReference; lastKnownFileType = file.xib; name = Base; path = Base.lproj/LaunchScreen.xib; sourceTree = "<group>"; };
		607FACE51AFB9204008FA782 /* GiniVision_Tests.xctest */ = {isa = PBXFileReference; explicitFileType = wrapper.cfbundle; includeInIndex = 0; path = GiniVision_Tests.xctest; sourceTree = BUILT_PRODUCTS_DIR; };
		607FACEA1AFB9204008FA782 /* Info.plist */ = {isa = PBXFileReference; lastKnownFileType = text.plist.xml; path = Info.plist; sourceTree = "<group>"; };
		607FACEB1AFB9204008FA782 /* GINIMetaInformationManagerTests.swift */ = {isa = PBXFileReference; lastKnownFileType = sourcecode.swift; path = GINIMetaInformationManagerTests.swift; sourceTree = "<group>"; };
		6B2880A08E39E8F9711B07DC /* Pods-GiniVision_Example.debug.xcconfig */ = {isa = PBXFileReference; includeInIndex = 1; lastKnownFileType = text.xcconfig; name = "Pods-GiniVision_Example.debug.xcconfig"; path = "Pods/Target Support Files/Pods-GiniVision_Example/Pods-GiniVision_Example.debug.xcconfig"; sourceTree = "<group>"; };
		7F2CC95F2A1A2BF964FFCF74 /* Pods-GiniVision_Tests.release.xcconfig */ = {isa = PBXFileReference; includeInIndex = 1; lastKnownFileType = text.xcconfig; name = "Pods-GiniVision_Tests.release.xcconfig"; path = "Pods/Target Support Files/Pods-GiniVision_Tests/Pods-GiniVision_Tests.release.xcconfig"; sourceTree = "<group>"; };
		9D28D3A8D252D1E9ECD44FB2 /* Pods-GiniVision_UITests.in house.xcconfig */ = {isa = PBXFileReference; includeInIndex = 1; lastKnownFileType = text.xcconfig; name = "Pods-GiniVision_UITests.in house.xcconfig"; path = "Pods/Target Support Files/Pods-GiniVision_UITests/Pods-GiniVision_UITests.in house.xcconfig"; sourceTree = "<group>"; };
		C02ECA63474B5ED5FCF96CEA /* Pods_GiniVision_UITests.framework */ = {isa = PBXFileReference; explicitFileType = wrapper.framework; includeInIndex = 0; path = Pods_GiniVision_UITests.framework; sourceTree = BUILT_PRODUCTS_DIR; };
		CBD2F913857B2170BF39C891 /* LICENSE */ = {isa = PBXFileReference; includeInIndex = 1; lastKnownFileType = text; name = LICENSE; path = ../LICENSE; sourceTree = "<group>"; };
		D068EF1D8B20A075AC9402F9 /* Pods-GiniVision_Tests.in house.xcconfig */ = {isa = PBXFileReference; includeInIndex = 1; lastKnownFileType = text.xcconfig; name = "Pods-GiniVision_Tests.in house.xcconfig"; path = "Pods/Target Support Files/Pods-GiniVision_Tests/Pods-GiniVision_Tests.in house.xcconfig"; sourceTree = "<group>"; };
		D84ABA0EC19897FA6833F761 /* Pods_GiniVision_Tests.framework */ = {isa = PBXFileReference; explicitFileType = wrapper.framework; includeInIndex = 0; path = Pods_GiniVision_Tests.framework; sourceTree = BUILT_PRODUCTS_DIR; };
		ED8650DC0F2D5DE6E2C2E7FC /* Pods-GiniVision_Example.release.xcconfig */ = {isa = PBXFileReference; includeInIndex = 1; lastKnownFileType = text.xcconfig; name = "Pods-GiniVision_Example.release.xcconfig"; path = "Pods/Target Support Files/Pods-GiniVision_Example/Pods-GiniVision_Example.release.xcconfig"; sourceTree = "<group>"; };
		F97F499BF68BBC3EED33BE92 /* GiniVision.podspec */ = {isa = PBXFileReference; includeInIndex = 1; lastKnownFileType = text; name = GiniVision.podspec; path = ../GiniVision.podspec; sourceTree = "<group>"; };
		FDD84915880AC0748A55810C /* Pods-GiniVision_UITests.release.xcconfig */ = {isa = PBXFileReference; includeInIndex = 1; lastKnownFileType = text.xcconfig; name = "Pods-GiniVision_UITests.release.xcconfig"; path = "Pods/Target Support Files/Pods-GiniVision_UITests/Pods-GiniVision_UITests.release.xcconfig"; sourceTree = "<group>"; };
/* End PBXFileReference section */

/* Begin PBXFrameworksBuildPhase section */
		0A3B964F1D478BF700BFEF05 /* Frameworks */ = {
			isa = PBXFrameworksBuildPhase;
			buildActionMask = 2147483647;
			files = (
				2C6F599D8B27A6A37706D1EA /* Pods_GiniVision_UITests.framework in Frameworks */,
			);
			runOnlyForDeploymentPostprocessing = 0;
		};
		607FACCD1AFB9204008FA782 /* Frameworks */ = {
			isa = PBXFrameworksBuildPhase;
			buildActionMask = 2147483647;
			files = (
				37975173A4FFCC2734442225 /* Pods_GiniVision_Example.framework in Frameworks */,
			);
			runOnlyForDeploymentPostprocessing = 0;
		};
		607FACE21AFB9204008FA782 /* Frameworks */ = {
			isa = PBXFrameworksBuildPhase;
			buildActionMask = 2147483647;
			files = (
				9889A1A053FAF0C55227AE0D /* Pods_GiniVision_Tests.framework in Frameworks */,
			);
			runOnlyForDeploymentPostprocessing = 0;
		};
/* End PBXFrameworksBuildPhase section */

/* Begin PBXGroup section */
		0A1F0FF11D48C6380035D47D /* Suporting Files */ = {
			isa = PBXGroup;
			children = (
				0A3B965E1D478CB200BFEF05 /* Info.plist */,
			);
			name = "Suporting Files";
			sourceTree = "<group>";
		};
		0A3B96531D478BF700BFEF05 /* UITests */ = {
			isa = PBXGroup;
			children = (
				0A3B965C1D478C9D00BFEF05 /* GINIOnboardingUITests.swift */,
				0A4760621D4F5C98003F8B6A /* GINICameraUITests.swift */,
				0A3FEE4D1D58C4C4002A3735 /* GINIReviewUITests.swift */,
				0A82FAD11D59D78300D84632 /* GINIAnalysisUITests.swift */,
				0A1F0FF11D48C6380035D47D /* Suporting Files */,
			);
			name = UITests;
			path = GiniVision_UITests;
			sourceTree = "<group>";
		};
		0FCE0A335BC8574434680E4E /* Frameworks */ = {
			isa = PBXGroup;
			children = (
				0E30FF133638A1E33E023726 /* Pods_GiniVision_Example.framework */,
				D84ABA0EC19897FA6833F761 /* Pods_GiniVision_Tests.framework */,
				C02ECA63474B5ED5FCF96CEA /* Pods_GiniVision_UITests.framework */,
			);
			name = Frameworks;
			sourceTree = "<group>";
		};
		1F577530203C4EB40074FD63 /* Component API */ = {
			isa = PBXGroup;
			children = (
				0AEACE091D6385F700052120 /* DocumentService.swift */,
				0AAE6D471D6B473900EE9EDD /* CancelationToken.swift */,
				0A735C361D3948E7000444A7 /* ComponentAPIAnalysisViewController.swift */,
				0AFE00C31D130C7E00E4425C /* ComponentAPICameraViewController.swift */,
				1FEEADA81F793F84005BA159 /* ComponentAPICoordinator.swift */,
				1F2E1A9C1FB4855000E1022A /* ComponentAPIOnboardingViewController.swift */,
				0AE3571B1D196CEB006785EE /* ComponentAPIReviewViewController.swift */,
			);
			name = "Component API";
			sourceTree = "<group>";
		};
		1F577531203C4EEE0074FD63 /* Screen API */ = {
			isa = PBXGroup;
			children = (
				1F2E1AA21FB5AD5D00E1022A /* ScreenAPICoordinator.swift */,
				1F53F50F1FE967C5009E2677 /* RootNavigationController.swift */,
			);
			name = "Screen API";
			sourceTree = "<group>";
		};
		607FACC71AFB9204008FA782 = {
			isa = PBXGroup;
			children = (
				0A5379301DF96DD300B0FFE9 /* GiniVision_Example.entitlements */,
				607FACF51AFB993E008FA782 /* Podspec Metadata */,
				607FACD21AFB9204008FA782 /* Example for GiniVision */,
				607FACE81AFB9204008FA782 /* Tests */,
				0A3B96531D478BF700BFEF05 /* UITests */,
				607FACD11AFB9204008FA782 /* Products */,
				746ED1F9F314AF254449E3C5 /* Pods */,
				0FCE0A335BC8574434680E4E /* Frameworks */,
			);
			sourceTree = "<group>";
		};
		607FACD11AFB9204008FA782 /* Products */ = {
			isa = PBXGroup;
			children = (
				607FACD01AFB9204008FA782 /* GiniVision_Example.app */,
				607FACE51AFB9204008FA782 /* GiniVision_Tests.xctest */,
				0A3B96521D478BF700BFEF05 /* GiniVision_UITests.xctest */,
			);
			name = Products;
			sourceTree = "<group>";
		};
		607FACD21AFB9204008FA782 /* Example for GiniVision */ = {
			isa = PBXGroup;
			children = (
				1F2E1A9E1FB58E2200E1022A /* AppCoordinator.swift */,
				607FACD51AFB9204008FA782 /* AppDelegate.swift */,
				1F2E1AA01FB58EC900E1022A /* Coordinator.swift */,
				1F9466C4203702E600F52B40 /* CredentialsManager.swift */,
				0AAE6D491D6B6BC500EE9EDD /* NoResultViewController.swift */,
				0AAE6D4B1D6B6C0B00EE9EDD /* ResultTableViewController.swift */,
				607FACD71AFB9204008FA782 /* SelectAPIViewController.swift */,
				1F578E101FBD7C7D00C17F62 /* SettingsViewController.swift */,
				1F577530203C4EB40074FD63 /* Component API */,
				607FACDE1AFB9204008FA782 /* LaunchScreen.xib */,
				607FACD91AFB9204008FA782 /* Main.storyboard */,
				1F577531203C4EEE0074FD63 /* Screen API */,
				607FACD31AFB9204008FA782 /* Supporting Files */,
			);
			name = "Example for GiniVision";
			path = GiniVision;
			sourceTree = "<group>";
		};
		607FACD31AFB9204008FA782 /* Supporting Files */ = {
			isa = PBXGroup;
			children = (
				607FACDC1AFB9204008FA782 /* Images.xcassets */,
				1F9F321B1FED3BC200C7CFFE /* Credentials.plist */,
				0A5DDCA51D9E6A5300EBDDCD /* Settings.bundle */,
				0A1D31121D12BB3600AC084C /* Localizable.strings */,
				607FACD41AFB9204008FA782 /* Info.plist */,
			);
			name = "Supporting Files";
			sourceTree = "<group>";
		};
		607FACE81AFB9204008FA782 /* Tests */ = {
			isa = PBXGroup;
			children = (
				1FD55CBD1F66BF9000A1F9C7 /* Extensions.swift */,
				1FB0C66B1F866B9F00AFE9F9 /* GINIAnalysisViewControllerTests.swift */,
				1FD4DBDB20D1002300A87443 /* OpaqueViewTests.swift */,
				0A6A78A71E1412E000AEB328 /* GINICameraViewControllerTests.swift */,
				1F9411871FB9F4AE0019DECD /* GINIComponentAPICoordinatorTests.swift */,
				1FAC24D91F97A39000861F60 /* GINIHelpMenuViewControllerTests.swift */,
				1F62FA351FA2207200CEA828 /* GINIImageNoResultsViewControllerTests.swift */,
				607FACEB1AFB9204008FA782 /* GINIMetaInformationManagerTests.swift */,
				1F66D9882020A3180093771C /* GINIMultipageReviewControllerTests.swift */,
				0A6A78A51E140F8500AEB328 /* GINIOnboardingViewControllerTests.swift */,
				1F62FA341FA2207100CEA828 /* GINIOpenWithTutorialViewControllerTests.swift */,
				1FEED2911F6ABEC10068E8AB /* GINIPDFDocumentTests.swift */,
				1FA85EF81FD6B520005C0C24 /* GINIQRCodeDocumentTests.swift */,
				1F94118A1FBAEB7D0019DECD /* GINIScreenAPICoordinatorTests.swift */,
				1F578E121FBD81A300C17F62 /* GINISettingsViewControllerTests.swift */,
				1F62FA361FA2207200CEA828 /* GINISupportedFormatsViewControllerTests.swift */,
				1F8547631F56E44700B1CAC6 /* GINIVisionDocumentTests.swift */,
				607FACE91AFB9204008FA782 /* Supporting Files */,
				1F3F5A0620443AEA0037755F /* ImagePickerViewControllerTests.swift */,
				1F3F5A0A2044400F0037755F /* GalleryManagerMock.swift */,
				1F3B5EAB2049554A0052204A /* GalleryCoordinatorDelegateMock.swift */,
				1F3B5EA620494FEB0052204A /* ImagePickerViewControllerDelegateMock.swift */,
				1F3B5EA92049542F0052204A /* GalleryCoordinatorTests.swift */,
				1F3F5A10204461720037755F /* AlbumsPickerViewControllerTests.swift */,
				1F3B5EA420494A1D0052204A /* AlbumsPickerViewControllerDelegateMock.swift */,
			);
			path = Tests;
			sourceTree = "<group>";
		};
		607FACE91AFB9204008FA782 /* Supporting Files */ = {
			isa = PBXGroup;
			children = (
				0A4C62AA1D4F535500A15FFA /* invoice.jpg */,
				1F8FAC412020AA1C00F586EF /* invoice2.jpg */,
				1F8FAC432020AA6200F586EF /* invoice3.jpg */,
				1FEED2891F6ABEA40068E8AB /* testPDF-rotated90.pdf */,
				1FEED28B1F6ABEA40068E8AB /* testPDF-rotated180.pdf */,
				1FEED28A1F6ABEA40068E8AB /* testPDF-rotated270.pdf */,
				1FEED2931F6AC0440068E8AB /* testPDF.pdf */,
				1F2A7D331F6F9F910028C127 /* testPDF2Pages.pdf */,
				607FACEA1AFB9204008FA782 /* Info.plist */,
			);
			name = "Supporting Files";
			sourceTree = "<group>";
		};
		607FACF51AFB993E008FA782 /* Podspec Metadata */ = {
			isa = PBXGroup;
			children = (
				F97F499BF68BBC3EED33BE92 /* GiniVision.podspec */,
				3AFCE27BDC0098A311CCFB18 /* README.md */,
				CBD2F913857B2170BF39C891 /* LICENSE */,
			);
			name = "Podspec Metadata";
			sourceTree = "<group>";
		};
		746ED1F9F314AF254449E3C5 /* Pods */ = {
			isa = PBXGroup;
			children = (
				6B2880A08E39E8F9711B07DC /* Pods-GiniVision_Example.debug.xcconfig */,
				ED8650DC0F2D5DE6E2C2E7FC /* Pods-GiniVision_Example.release.xcconfig */,
				28FA9DC48A643D78D00DB131 /* Pods-GiniVision_Tests.debug.xcconfig */,
				7F2CC95F2A1A2BF964FFCF74 /* Pods-GiniVision_Tests.release.xcconfig */,
				20C11219DD668F0EB599E7EC /* Pods-GiniVision_Example.in house.xcconfig */,
				D068EF1D8B20A075AC9402F9 /* Pods-GiniVision_Tests.in house.xcconfig */,
				156A507DBF7F781FDA55A5E2 /* Pods-GiniVision_UITests.debug.xcconfig */,
				9D28D3A8D252D1E9ECD44FB2 /* Pods-GiniVision_UITests.in house.xcconfig */,
				FDD84915880AC0748A55810C /* Pods-GiniVision_UITests.release.xcconfig */,
			);
			name = Pods;
			sourceTree = "<group>";
		};
/* End PBXGroup section */

/* Begin PBXNativeTarget section */
		0A3B96511D478BF700BFEF05 /* GiniVision_UITests */ = {
			isa = PBXNativeTarget;
			buildConfigurationList = 0A3B965B1D478BF700BFEF05 /* Build configuration list for PBXNativeTarget "GiniVision_UITests" */;
			buildPhases = (
				58ADBC8598D8B1A68E16E2EE /* [CP] Check Pods Manifest.lock */,
				0A3B964E1D478BF700BFEF05 /* Sources */,
				0A3B964F1D478BF700BFEF05 /* Frameworks */,
				0A3B96501D478BF700BFEF05 /* Resources */,
			);
			buildRules = (
			);
			dependencies = (
				0A3B96581D478BF700BFEF05 /* PBXTargetDependency */,
			);
			name = GiniVision_UITests;
			productName = GiniVision_UITests;
			productReference = 0A3B96521D478BF700BFEF05 /* GiniVision_UITests.xctest */;
			productType = "com.apple.product-type.bundle.ui-testing";
		};
		607FACCF1AFB9204008FA782 /* GiniVision_Example */ = {
			isa = PBXNativeTarget;
			buildConfigurationList = 607FACEF1AFB9204008FA782 /* Build configuration list for PBXNativeTarget "GiniVision_Example" */;
			buildPhases = (
				9FA62A3D130B272850E65229 /* [CP] Check Pods Manifest.lock */,
				607FACCC1AFB9204008FA782 /* Sources */,
				607FACCD1AFB9204008FA782 /* Frameworks */,
				607FACCE1AFB9204008FA782 /* Resources */,
				1A1C04866FBA7F9B880F73B0 /* [CP] Embed Pods Frameworks */,
				1FE5C1321FD582370086AA08 /* Swiftlint */,
			);
			buildRules = (
			);
			dependencies = (
			);
			name = GiniVision_Example;
			productName = GiniVision;
			productReference = 607FACD01AFB9204008FA782 /* GiniVision_Example.app */;
			productType = "com.apple.product-type.application";
		};
		607FACE41AFB9204008FA782 /* GiniVision_Tests */ = {
			isa = PBXNativeTarget;
			buildConfigurationList = 607FACF21AFB9204008FA782 /* Build configuration list for PBXNativeTarget "GiniVision_Tests" */;
			buildPhases = (
				F53D195B30CB9BB8D2A46491 /* [CP] Check Pods Manifest.lock */,
				607FACE11AFB9204008FA782 /* Sources */,
				607FACE21AFB9204008FA782 /* Frameworks */,
				607FACE31AFB9204008FA782 /* Resources */,
			);
			buildRules = (
			);
			dependencies = (
				607FACE71AFB9204008FA782 /* PBXTargetDependency */,
			);
			name = GiniVision_Tests;
			productName = Tests;
			productReference = 607FACE51AFB9204008FA782 /* GiniVision_Tests.xctest */;
			productType = "com.apple.product-type.bundle.unit-test";
		};
/* End PBXNativeTarget section */

/* Begin PBXProject section */
		607FACC81AFB9204008FA782 /* Project object */ = {
			isa = PBXProject;
			attributes = {
				LastSwiftUpdateCheck = 0730;
				LastUpgradeCheck = 0910;
				ORGANIZATIONNAME = "Gini GmbH";
				TargetAttributes = {
					0A3B96511D478BF700BFEF05 = {
						CreatedOnToolsVersion = 7.3.1;
						LastSwiftMigration = 0810;
						TestTargetID = 607FACCF1AFB9204008FA782;
					};
					607FACCF1AFB9204008FA782 = {
						CreatedOnToolsVersion = 6.3.1;
						DevelopmentTeam = BQY9KX4V88;
						LastSwiftMigration = 0810;
						ProvisioningStyle = Automatic;
						SystemCapabilities = {
							com.apple.Keychain = {
								enabled = 1;
							};
							com.apple.iCloud = {
								enabled = 1;
							};
						};
					};
					607FACE41AFB9204008FA782 = {
						CreatedOnToolsVersion = 6.3.1;
						LastSwiftMigration = 0810;
						TestTargetID = 607FACCF1AFB9204008FA782;
					};
				};
			};
			buildConfigurationList = 607FACCB1AFB9204008FA782 /* Build configuration list for PBXProject "GiniVision" */;
			compatibilityVersion = "Xcode 3.2";
			developmentRegion = English;
			hasScannedForEncodings = 0;
			knownRegions = (
				en,
				Base,
			);
			mainGroup = 607FACC71AFB9204008FA782;
			productRefGroup = 607FACD11AFB9204008FA782 /* Products */;
			projectDirPath = "";
			projectRoot = "";
			targets = (
				607FACCF1AFB9204008FA782 /* GiniVision_Example */,
				607FACE41AFB9204008FA782 /* GiniVision_Tests */,
				0A3B96511D478BF700BFEF05 /* GiniVision_UITests */,
			);
		};
/* End PBXProject section */

/* Begin PBXResourcesBuildPhase section */
		0A3B96501D478BF700BFEF05 /* Resources */ = {
			isa = PBXResourcesBuildPhase;
			buildActionMask = 2147483647;
			files = (
				0A4760611D4F5453003F8B6A /* invoice.jpg in Resources */,
			);
			runOnlyForDeploymentPostprocessing = 0;
		};
		607FACCE1AFB9204008FA782 /* Resources */ = {
			isa = PBXResourcesBuildPhase;
			buildActionMask = 2147483647;
			files = (
				1F9F321C1FED3BC300C7CFFE /* Credentials.plist in Resources */,
				1FEED28D1F6ABEA40068E8AB /* testPDF-rotated90.pdf in Resources */,
				1F2A7D341F6F9F910028C127 /* testPDF2Pages.pdf in Resources */,
				1FEED28E1F6ABEA40068E8AB /* testPDF-rotated270.pdf in Resources */,
				607FACDB1AFB9204008FA782 /* Main.storyboard in Resources */,
				1F8FAC422020AA1C00F586EF /* invoice2.jpg in Resources */,
				0A1D31131D12BB3600AC084C /* Localizable.strings in Resources */,
				1FEED28F1F6ABEA40068E8AB /* testPDF-rotated180.pdf in Resources */,
				607FACE01AFB9204008FA782 /* LaunchScreen.xib in Resources */,
				1F8FAC442020AA6200F586EF /* invoice3.jpg in Resources */,
				607FACDD1AFB9204008FA782 /* Images.xcassets in Resources */,
				1FEED2941F6AC0440068E8AB /* testPDF.pdf in Resources */,
				0A5DDCA61D9E6A5300EBDDCD /* Settings.bundle in Resources */,
				0A4760601D4F5452003F8B6A /* invoice.jpg in Resources */,
			);
			runOnlyForDeploymentPostprocessing = 0;
		};
		607FACE31AFB9204008FA782 /* Resources */ = {
			isa = PBXResourcesBuildPhase;
			buildActionMask = 2147483647;
			files = (
				0A4C62AC1D4F535A00A15FFA /* invoice.jpg in Resources */,
				1F5F53321F5DB2E300D4BF06 /* Images.xcassets in Resources */,
			);
			runOnlyForDeploymentPostprocessing = 0;
		};
/* End PBXResourcesBuildPhase section */

/* Begin PBXShellScriptBuildPhase section */
		1A1C04866FBA7F9B880F73B0 /* [CP] Embed Pods Frameworks */ = {
			isa = PBXShellScriptBuildPhase;
			buildActionMask = 2147483647;
			files = (
			);
			inputPaths = (
				"${SRCROOT}/Pods/Target Support Files/Pods-GiniVision_Example/Pods-GiniVision_Example-frameworks.sh",
				"${BUILT_PRODUCTS_DIR}/Bolts/Bolts.framework",
				"${BUILT_PRODUCTS_DIR}/Gini-iOS-SDK/Gini_iOS_SDK.framework",
				"${BUILT_PRODUCTS_DIR}/GiniVision/GiniVision.framework",
				"${BUILT_PRODUCTS_DIR}/TrustKit/TrustKit.framework",
			);
			name = "[CP] Embed Pods Frameworks";
			outputPaths = (
				"${TARGET_BUILD_DIR}/${FRAMEWORKS_FOLDER_PATH}/Bolts.framework",
				"${TARGET_BUILD_DIR}/${FRAMEWORKS_FOLDER_PATH}/Gini_iOS_SDK.framework",
				"${TARGET_BUILD_DIR}/${FRAMEWORKS_FOLDER_PATH}/GiniVision.framework",
				"${TARGET_BUILD_DIR}/${FRAMEWORKS_FOLDER_PATH}/TrustKit.framework",
			);
			runOnlyForDeploymentPostprocessing = 0;
			shellPath = /bin/sh;
			shellScript = "\"${SRCROOT}/Pods/Target Support Files/Pods-GiniVision_Example/Pods-GiniVision_Example-frameworks.sh\"\n";
			showEnvVarsInLog = 0;
		};
		1FE5C1321FD582370086AA08 /* Swiftlint */ = {
			isa = PBXShellScriptBuildPhase;
			buildActionMask = 2147483647;
			files = (
			);
			inputPaths = (
			);
			name = Swiftlint;
			outputPaths = (
			);
			runOnlyForDeploymentPostprocessing = 0;
			shellPath = /bin/sh;
			shellScript = "if which swiftlint >/dev/null; then\nswiftlint\nelse\necho \"warning: SwiftLint not installed, download from https://github.com/realm/SwiftLint\"\nfi";
		};
		58ADBC8598D8B1A68E16E2EE /* [CP] Check Pods Manifest.lock */ = {
			isa = PBXShellScriptBuildPhase;
			buildActionMask = 2147483647;
			files = (
			);
			inputPaths = (
				"${PODS_PODFILE_DIR_PATH}/Podfile.lock",
				"${PODS_ROOT}/Manifest.lock",
			);
			name = "[CP] Check Pods Manifest.lock";
			outputPaths = (
				"$(DERIVED_FILE_DIR)/Pods-GiniVision_UITests-checkManifestLockResult.txt",
			);
			runOnlyForDeploymentPostprocessing = 0;
			shellPath = /bin/sh;
			shellScript = "diff \"${PODS_PODFILE_DIR_PATH}/Podfile.lock\" \"${PODS_ROOT}/Manifest.lock\" > /dev/null\nif [ $? != 0 ] ; then\n    # print error to STDERR\n    echo \"error: The sandbox is not in sync with the Podfile.lock. Run 'pod install' or update your CocoaPods installation.\" >&2\n    exit 1\nfi\n# This output is used by Xcode 'outputs' to avoid re-running this script phase.\necho \"SUCCESS\" > \"${SCRIPT_OUTPUT_FILE_0}\"\n";
			showEnvVarsInLog = 0;
		};
		9FA62A3D130B272850E65229 /* [CP] Check Pods Manifest.lock */ = {
			isa = PBXShellScriptBuildPhase;
			buildActionMask = 2147483647;
			files = (
			);
			inputPaths = (
				"${PODS_PODFILE_DIR_PATH}/Podfile.lock",
				"${PODS_ROOT}/Manifest.lock",
			);
			name = "[CP] Check Pods Manifest.lock";
			outputPaths = (
				"$(DERIVED_FILE_DIR)/Pods-GiniVision_Example-checkManifestLockResult.txt",
			);
			runOnlyForDeploymentPostprocessing = 0;
			shellPath = /bin/sh;
			shellScript = "diff \"${PODS_PODFILE_DIR_PATH}/Podfile.lock\" \"${PODS_ROOT}/Manifest.lock\" > /dev/null\nif [ $? != 0 ] ; then\n    # print error to STDERR\n    echo \"error: The sandbox is not in sync with the Podfile.lock. Run 'pod install' or update your CocoaPods installation.\" >&2\n    exit 1\nfi\n# This output is used by Xcode 'outputs' to avoid re-running this script phase.\necho \"SUCCESS\" > \"${SCRIPT_OUTPUT_FILE_0}\"\n";
			showEnvVarsInLog = 0;
		};
		F53D195B30CB9BB8D2A46491 /* [CP] Check Pods Manifest.lock */ = {
			isa = PBXShellScriptBuildPhase;
			buildActionMask = 2147483647;
			files = (
			);
			inputPaths = (
				"${PODS_PODFILE_DIR_PATH}/Podfile.lock",
				"${PODS_ROOT}/Manifest.lock",
			);
			name = "[CP] Check Pods Manifest.lock";
			outputPaths = (
				"$(DERIVED_FILE_DIR)/Pods-GiniVision_Tests-checkManifestLockResult.txt",
			);
			runOnlyForDeploymentPostprocessing = 0;
			shellPath = /bin/sh;
			shellScript = "diff \"${PODS_PODFILE_DIR_PATH}/Podfile.lock\" \"${PODS_ROOT}/Manifest.lock\" > /dev/null\nif [ $? != 0 ] ; then\n    # print error to STDERR\n    echo \"error: The sandbox is not in sync with the Podfile.lock. Run 'pod install' or update your CocoaPods installation.\" >&2\n    exit 1\nfi\n# This output is used by Xcode 'outputs' to avoid re-running this script phase.\necho \"SUCCESS\" > \"${SCRIPT_OUTPUT_FILE_0}\"\n";
			showEnvVarsInLog = 0;
		};
/* End PBXShellScriptBuildPhase section */

/* Begin PBXSourcesBuildPhase section */
		0A3B964E1D478BF700BFEF05 /* Sources */ = {
			isa = PBXSourcesBuildPhase;
			buildActionMask = 2147483647;
			files = (
				0A82FAD21D59D78300D84632 /* GINIAnalysisUITests.swift in Sources */,
				0A3B965D1D478C9D00BFEF05 /* GINIOnboardingUITests.swift in Sources */,
				0A4760631D4F5C98003F8B6A /* GINICameraUITests.swift in Sources */,
				0A3FEE4E1D58C4C4002A3735 /* GINIReviewUITests.swift in Sources */,
			);
			runOnlyForDeploymentPostprocessing = 0;
		};
		607FACCC1AFB9204008FA782 /* Sources */ = {
			isa = PBXSourcesBuildPhase;
			buildActionMask = 2147483647;
			files = (
				0AE3571C1D196CEB006785EE /* ComponentAPIReviewViewController.swift in Sources */,
				1F53F5101FE967C5009E2677 /* RootNavigationController.swift in Sources */,
				0A735C371D3948E7000444A7 /* ComponentAPIAnalysisViewController.swift in Sources */,
				1F2E1AA11FB58EC900E1022A /* Coordinator.swift in Sources */,
				1F2E1AA31FB5AD5D00E1022A /* ScreenAPICoordinator.swift in Sources */,
				1F9466C5203702E600F52B40 /* CredentialsManager.swift in Sources */,
				0AEACE0A1D6385F700052120 /* DocumentService.swift in Sources */,
				607FACD81AFB9204008FA782 /* SelectAPIViewController.swift in Sources */,
				0AAE6D481D6B473900EE9EDD /* CancelationToken.swift in Sources */,
				1F2E1A9F1FB58E2200E1022A /* AppCoordinator.swift in Sources */,
				0AFE00C41D130C7E00E4425C /* ComponentAPICameraViewController.swift in Sources */,
				1F578E111FBD7C7D00C17F62 /* SettingsViewController.swift in Sources */,
				0AAE6D4A1D6B6BC500EE9EDD /* NoResultViewController.swift in Sources */,
				0AAE6D4C1D6B6C0B00EE9EDD /* ResultTableViewController.swift in Sources */,
				1F2E1A9D1FB4855000E1022A /* ComponentAPIOnboardingViewController.swift in Sources */,
				1FEEADA91F793F84005BA159 /* ComponentAPICoordinator.swift in Sources */,
				607FACD61AFB9204008FA782 /* AppDelegate.swift in Sources */,
			);
			runOnlyForDeploymentPostprocessing = 0;
		};
		607FACE11AFB9204008FA782 /* Sources */ = {
			isa = PBXSourcesBuildPhase;
			buildActionMask = 2147483647;
			files = (
				1F9411881FB9F4AE0019DECD /* GINIComponentAPICoordinatorTests.swift in Sources */,
				1F94118B1FBAEB7D0019DECD /* GINIScreenAPICoordinatorTests.swift in Sources */,
				1FB0C66C1F866B9F00AFE9F9 /* GINIAnalysisViewControllerTests.swift in Sources */,
				1F3B5EAC2049554A0052204A /* GalleryCoordinatorDelegateMock.swift in Sources */,
				1FEED2921F6ABEC10068E8AB /* GINIPDFDocumentTests.swift in Sources */,
				1F3F5A11204461720037755F /* AlbumsPickerViewControllerTests.swift in Sources */,
				1FD55CBE1F66BF9000A1F9C7 /* Extensions.swift in Sources */,
				1F62FA3B1FA2207800CEA828 /* GINIOpenWithTutorialViewControllerTests.swift in Sources */,
				1FA85EFA1FD6B569005C0C24 /* GINIQRCodeDocumentTests.swift in Sources */,
				1F8547641F56E44700B1CAC6 /* GINIVisionDocumentTests.swift in Sources */,
				1F3B5EA520494A1D0052204A /* AlbumsPickerViewControllerDelegateMock.swift in Sources */,
				0A6A78A61E140F8500AEB328 /* GINIOnboardingViewControllerTests.swift in Sources */,
				1FD4DBDC20D1002300A87443 /* OpaqueViewTests.swift in Sources */,
				0A6A78A81E1412E000AEB328 /* GINICameraViewControllerTests.swift in Sources */,
				1F62FA3C1FA2207800CEA828 /* GINISupportedFormatsViewControllerTests.swift in Sources */,
				1F3B5EAA2049542F0052204A /* GalleryCoordinatorTests.swift in Sources */,
				1F66D9892020A3180093771C /* GINIMultipageReviewControllerTests.swift in Sources */,
				1F62FA3A1FA2207800CEA828 /* GINIImageNoResultsViewControllerTests.swift in Sources */,
				607FACEC1AFB9204008FA782 /* GINIMetaInformationManagerTests.swift in Sources */,
				1F578E131FBD81A300C17F62 /* GINISettingsViewControllerTests.swift in Sources */,
				1F3B5EA8204952500052204A /* ImagePickerViewControllerDelegateMock.swift in Sources */,
				1F3F5A0720443AEA0037755F /* ImagePickerViewControllerTests.swift in Sources */,
				1FAC24DA1F97A39000861F60 /* GINIHelpMenuViewControllerTests.swift in Sources */,
				1F3F5A0B2044400F0037755F /* GalleryManagerMock.swift in Sources */,
			);
			runOnlyForDeploymentPostprocessing = 0;
		};
/* End PBXSourcesBuildPhase section */

/* Begin PBXTargetDependency section */
		0A3B96581D478BF700BFEF05 /* PBXTargetDependency */ = {
			isa = PBXTargetDependency;
			target = 607FACCF1AFB9204008FA782 /* GiniVision_Example */;
			targetProxy = 0A3B96571D478BF700BFEF05 /* PBXContainerItemProxy */;
		};
		607FACE71AFB9204008FA782 /* PBXTargetDependency */ = {
			isa = PBXTargetDependency;
			target = 607FACCF1AFB9204008FA782 /* GiniVision_Example */;
			targetProxy = 607FACE61AFB9204008FA782 /* PBXContainerItemProxy */;
		};
/* End PBXTargetDependency section */

/* Begin PBXVariantGroup section */
		607FACD91AFB9204008FA782 /* Main.storyboard */ = {
			isa = PBXVariantGroup;
			children = (
				607FACDA1AFB9204008FA782 /* Base */,
			);
			name = Main.storyboard;
			sourceTree = "<group>";
		};
		607FACDE1AFB9204008FA782 /* LaunchScreen.xib */ = {
			isa = PBXVariantGroup;
			children = (
				607FACDF1AFB9204008FA782 /* Base */,
			);
			name = LaunchScreen.xib;
			sourceTree = "<group>";
		};
/* End PBXVariantGroup section */

/* Begin XCBuildConfiguration section */
		0A3275871D5349F5003959E4 /* Release */ = {
			isa = XCBuildConfiguration;
			buildSettings = {
				ALWAYS_SEARCH_USER_PATHS = NO;
				CLANG_CXX_LANGUAGE_STANDARD = "gnu++0x";
				CLANG_CXX_LIBRARY = "libc++";
				CLANG_ENABLE_MODULES = YES;
				CLANG_ENABLE_OBJC_ARC = YES;
				CLANG_WARN_BLOCK_CAPTURE_AUTORELEASING = YES;
				CLANG_WARN_BOOL_CONVERSION = YES;
				CLANG_WARN_COMMA = YES;
				CLANG_WARN_CONSTANT_CONVERSION = YES;
				CLANG_WARN_DIRECT_OBJC_ISA_USAGE = YES_ERROR;
				CLANG_WARN_EMPTY_BODY = YES;
				CLANG_WARN_ENUM_CONVERSION = YES;
				CLANG_WARN_INFINITE_RECURSION = YES;
				CLANG_WARN_INT_CONVERSION = YES;
				CLANG_WARN_NON_LITERAL_NULL_CONVERSION = YES;
				CLANG_WARN_OBJC_LITERAL_CONVERSION = YES;
				CLANG_WARN_OBJC_ROOT_CLASS = YES_ERROR;
				CLANG_WARN_RANGE_LOOP_ANALYSIS = YES;
				CLANG_WARN_STRICT_PROTOTYPES = YES;
				CLANG_WARN_SUSPICIOUS_MOVE = YES;
				CLANG_WARN_UNREACHABLE_CODE = YES;
				CLANG_WARN__DUPLICATE_METHOD_MATCH = YES;
				"CODE_SIGN_IDENTITY[sdk=iphoneos*]" = "iPhone Developer";
				COPY_PHASE_STRIP = NO;
				DEBUG_INFORMATION_FORMAT = "dwarf-with-dsym";
				ENABLE_NS_ASSERTIONS = NO;
				ENABLE_STRICT_OBJC_MSGSEND = YES;
				GCC_C_LANGUAGE_STANDARD = gnu99;
				GCC_NO_COMMON_BLOCKS = YES;
				GCC_WARN_64_TO_32_BIT_CONVERSION = YES;
				GCC_WARN_ABOUT_RETURN_TYPE = YES_ERROR;
				GCC_WARN_UNDECLARED_SELECTOR = YES;
				GCC_WARN_UNINITIALIZED_AUTOS = YES_AGGRESSIVE;
				GCC_WARN_UNUSED_FUNCTION = YES;
				GCC_WARN_UNUSED_VARIABLE = YES;
				IPHONEOS_DEPLOYMENT_TARGET = 8.0;
				MTL_ENABLE_DEBUG_INFO = NO;
				SDKROOT = iphoneos;
				SWIFT_OBJC_BRIDGING_HEADER = "";
				SWIFT_OPTIMIZATION_LEVEL = "-Owholemodule";
				SWIFT_PRECOMPILE_BRIDGING_HEADER = NO;
				SWIFT_VERSION = 3.0;
				VALIDATE_PRODUCT = YES;
			};
			name = Release;
		};
		0A3275881D5349F5003959E4 /* Release */ = {
			isa = XCBuildConfiguration;
			baseConfigurationReference = ED8650DC0F2D5DE6E2C2E7FC /* Pods-GiniVision_Example.release.xcconfig */;
			buildSettings = {
				ASSETCATALOG_COMPILER_APPICON_NAME = AppIcon;
				CLANG_ENABLE_MODULES = YES;
				CODE_SIGN_ENTITLEMENTS = GiniVision_Example.entitlements;
				CODE_SIGN_IDENTITY = "iPhone Developer";
				"CODE_SIGN_IDENTITY[sdk=iphoneos*]" = "iPhone Developer";
				DEVELOPMENT_TEAM = BQY9KX4V88;
				INFOPLIST_FILE = GiniVision/Info.plist;
				IPHONEOS_DEPLOYMENT_TARGET = 8.0;
				LD_RUNPATH_SEARCH_PATHS = "$(inherited) @executable_path/Frameworks";
				MODULE_NAME = ExampleApp;
				PRODUCT_BUNDLE_IDENTIFIER = net.gini.ios.ginivision.release;
				PRODUCT_NAME = "$(TARGET_NAME)";
				PROVISIONING_PROFILE_SPECIFIER = "";
				SWIFT_OBJC_BRIDGING_HEADER = "";
				SWIFT_VERSION = 3.0;
				TARGETED_DEVICE_FAMILY = "1,2";
			};
			name = Release;
		};
		0A3275891D5349F5003959E4 /* Release */ = {
			isa = XCBuildConfiguration;
			baseConfigurationReference = 7F2CC95F2A1A2BF964FFCF74 /* Pods-GiniVision_Tests.release.xcconfig */;
			buildSettings = {
				BUNDLE_LOADER = "$(TEST_HOST)";
				FRAMEWORK_SEARCH_PATHS = (
					"$(SDKROOT)/Developer/Library/Frameworks",
					"$(inherited)",
				);
				INFOPLIST_FILE = Tests/Info.plist;
				LD_RUNPATH_SEARCH_PATHS = "$(inherited) @executable_path/Frameworks @loader_path/Frameworks";
				PRODUCT_BUNDLE_IDENTIFIER = "org.cocoapods.$(PRODUCT_NAME:rfc1034identifier)";
				PRODUCT_NAME = "$(TARGET_NAME)";
				SWIFT_VERSION = 3.0;
				TEST_HOST = "$(BUILT_PRODUCTS_DIR)/GiniVision_Example.app/GiniVision_Example";
			};
			name = Release;
		};
		0A32758A1D5349F5003959E4 /* Release */ = {
			isa = XCBuildConfiguration;
			baseConfigurationReference = FDD84915880AC0748A55810C /* Pods-GiniVision_UITests.release.xcconfig */;
			buildSettings = {
				CLANG_ANALYZER_NONNULL = YES;
				INFOPLIST_FILE = UITests/Info.plist;
				IPHONEOS_DEPLOYMENT_TARGET = 9.0;
				LD_RUNPATH_SEARCH_PATHS = "$(inherited) @executable_path/Frameworks @loader_path/Frameworks";
				PRODUCT_BUNDLE_IDENTIFIER = "net.gini.ios.GiniVision-UITests";
				PRODUCT_NAME = "$(TARGET_NAME)";
				SWIFT_VERSION = 3.0;
				TEST_TARGET_NAME = GiniVision_Example;
			};
			name = Release;
		};
		0A3B96591D478BF700BFEF05 /* Debug */ = {
			isa = XCBuildConfiguration;
			baseConfigurationReference = 156A507DBF7F781FDA55A5E2 /* Pods-GiniVision_UITests.debug.xcconfig */;
			buildSettings = {
				CLANG_ANALYZER_NONNULL = YES;
				DEBUG_INFORMATION_FORMAT = dwarf;
				INFOPLIST_FILE = UITests/Info.plist;
				IPHONEOS_DEPLOYMENT_TARGET = 9.0;
				LD_RUNPATH_SEARCH_PATHS = "$(inherited) @executable_path/Frameworks @loader_path/Frameworks";
				PRODUCT_BUNDLE_IDENTIFIER = "net.gini.ios.GiniVision-UITests";
				PRODUCT_NAME = "$(TARGET_NAME)";
				SWIFT_VERSION = 3.0;
				TEST_TARGET_NAME = GiniVision_Example;
			};
			name = Debug;
		};
		0A3B965A1D478BF700BFEF05 /* In House */ = {
			isa = XCBuildConfiguration;
			baseConfigurationReference = 9D28D3A8D252D1E9ECD44FB2 /* Pods-GiniVision_UITests.in house.xcconfig */;
			buildSettings = {
				CLANG_ANALYZER_NONNULL = YES;
				INFOPLIST_FILE = UITests/Info.plist;
				IPHONEOS_DEPLOYMENT_TARGET = 9.0;
				LD_RUNPATH_SEARCH_PATHS = "$(inherited) @executable_path/Frameworks @loader_path/Frameworks";
				PRODUCT_BUNDLE_IDENTIFIER = "net.gini.ios.GiniVision-UITests";
				PRODUCT_NAME = "$(TARGET_NAME)";
				SWIFT_VERSION = 3.0;
				TEST_TARGET_NAME = GiniVision_Example;
			};
			name = "In House";
		};
		607FACED1AFB9204008FA782 /* Debug */ = {
			isa = XCBuildConfiguration;
			buildSettings = {
				ALWAYS_SEARCH_USER_PATHS = NO;
				CLANG_CXX_LANGUAGE_STANDARD = "gnu++0x";
				CLANG_CXX_LIBRARY = "libc++";
				CLANG_ENABLE_MODULES = YES;
				CLANG_ENABLE_OBJC_ARC = YES;
				CLANG_WARN_BLOCK_CAPTURE_AUTORELEASING = YES;
				CLANG_WARN_BOOL_CONVERSION = YES;
				CLANG_WARN_COMMA = YES;
				CLANG_WARN_CONSTANT_CONVERSION = YES;
				CLANG_WARN_DIRECT_OBJC_ISA_USAGE = YES_ERROR;
				CLANG_WARN_EMPTY_BODY = YES;
				CLANG_WARN_ENUM_CONVERSION = YES;
				CLANG_WARN_INFINITE_RECURSION = YES;
				CLANG_WARN_INT_CONVERSION = YES;
				CLANG_WARN_NON_LITERAL_NULL_CONVERSION = YES;
				CLANG_WARN_OBJC_LITERAL_CONVERSION = YES;
				CLANG_WARN_OBJC_ROOT_CLASS = YES_ERROR;
				CLANG_WARN_RANGE_LOOP_ANALYSIS = YES;
				CLANG_WARN_STRICT_PROTOTYPES = YES;
				CLANG_WARN_SUSPICIOUS_MOVE = YES;
				CLANG_WARN_UNREACHABLE_CODE = YES;
				CLANG_WARN__DUPLICATE_METHOD_MATCH = YES;
				"CODE_SIGN_IDENTITY[sdk=iphoneos*]" = "iPhone Developer";
				COPY_PHASE_STRIP = NO;
				DEBUG_INFORMATION_FORMAT = "dwarf-with-dsym";
				ENABLE_STRICT_OBJC_MSGSEND = YES;
				ENABLE_TESTABILITY = YES;
				GCC_C_LANGUAGE_STANDARD = gnu99;
				GCC_DYNAMIC_NO_PIC = NO;
				GCC_NO_COMMON_BLOCKS = YES;
				GCC_OPTIMIZATION_LEVEL = 0;
				GCC_PREPROCESSOR_DEFINITIONS = (
					"DEBUG=1",
					"$(inherited)",
				);
				GCC_SYMBOLS_PRIVATE_EXTERN = NO;
				GCC_WARN_64_TO_32_BIT_CONVERSION = YES;
				GCC_WARN_ABOUT_RETURN_TYPE = YES_ERROR;
				GCC_WARN_UNDECLARED_SELECTOR = YES;
				GCC_WARN_UNINITIALIZED_AUTOS = YES_AGGRESSIVE;
				GCC_WARN_UNUSED_FUNCTION = YES;
				GCC_WARN_UNUSED_VARIABLE = YES;
				IPHONEOS_DEPLOYMENT_TARGET = 8.0;
				MTL_ENABLE_DEBUG_INFO = YES;
				ONLY_ACTIVE_ARCH = YES;
				SDKROOT = iphoneos;
				SWIFT_OBJC_BRIDGING_HEADER = "";
				SWIFT_OPTIMIZATION_LEVEL = "-Onone";
				SWIFT_PRECOMPILE_BRIDGING_HEADER = NO;
				SWIFT_VERSION = 3.0;
			};
			name = Debug;
		};
		607FACEE1AFB9204008FA782 /* In House */ = {
			isa = XCBuildConfiguration;
			buildSettings = {
				ALWAYS_SEARCH_USER_PATHS = NO;
				CLANG_CXX_LANGUAGE_STANDARD = "gnu++0x";
				CLANG_CXX_LIBRARY = "libc++";
				CLANG_ENABLE_MODULES = YES;
				CLANG_ENABLE_OBJC_ARC = YES;
				CLANG_WARN_BLOCK_CAPTURE_AUTORELEASING = YES;
				CLANG_WARN_BOOL_CONVERSION = YES;
				CLANG_WARN_COMMA = YES;
				CLANG_WARN_CONSTANT_CONVERSION = YES;
				CLANG_WARN_DIRECT_OBJC_ISA_USAGE = YES_ERROR;
				CLANG_WARN_EMPTY_BODY = YES;
				CLANG_WARN_ENUM_CONVERSION = YES;
				CLANG_WARN_INFINITE_RECURSION = YES;
				CLANG_WARN_INT_CONVERSION = YES;
				CLANG_WARN_NON_LITERAL_NULL_CONVERSION = YES;
				CLANG_WARN_OBJC_LITERAL_CONVERSION = YES;
				CLANG_WARN_OBJC_ROOT_CLASS = YES_ERROR;
				CLANG_WARN_RANGE_LOOP_ANALYSIS = YES;
				CLANG_WARN_STRICT_PROTOTYPES = YES;
				CLANG_WARN_SUSPICIOUS_MOVE = YES;
				CLANG_WARN_UNREACHABLE_CODE = YES;
				CLANG_WARN__DUPLICATE_METHOD_MATCH = YES;
				"CODE_SIGN_IDENTITY[sdk=iphoneos*]" = "iPhone Developer";
				COPY_PHASE_STRIP = NO;
				DEBUG_INFORMATION_FORMAT = "dwarf-with-dsym";
				ENABLE_NS_ASSERTIONS = NO;
				ENABLE_STRICT_OBJC_MSGSEND = YES;
				GCC_C_LANGUAGE_STANDARD = gnu99;
				GCC_NO_COMMON_BLOCKS = YES;
				GCC_WARN_64_TO_32_BIT_CONVERSION = YES;
				GCC_WARN_ABOUT_RETURN_TYPE = YES_ERROR;
				GCC_WARN_UNDECLARED_SELECTOR = YES;
				GCC_WARN_UNINITIALIZED_AUTOS = YES_AGGRESSIVE;
				GCC_WARN_UNUSED_FUNCTION = YES;
				GCC_WARN_UNUSED_VARIABLE = YES;
				IPHONEOS_DEPLOYMENT_TARGET = 8.0;
				MTL_ENABLE_DEBUG_INFO = NO;
				SDKROOT = iphoneos;
				SWIFT_OBJC_BRIDGING_HEADER = "";
				SWIFT_PRECOMPILE_BRIDGING_HEADER = NO;
				SWIFT_VERSION = 3.0;
				VALIDATE_PRODUCT = YES;
			};
			name = "In House";
		};
		607FACF01AFB9204008FA782 /* Debug */ = {
			isa = XCBuildConfiguration;
			baseConfigurationReference = 6B2880A08E39E8F9711B07DC /* Pods-GiniVision_Example.debug.xcconfig */;
			buildSettings = {
				ASSETCATALOG_COMPILER_APPICON_NAME = AppIcon;
				CLANG_ENABLE_MODULES = YES;
				CODE_SIGN_ENTITLEMENTS = GiniVision_Example.entitlements;
				CODE_SIGN_IDENTITY = "iPhone Developer";
				"CODE_SIGN_IDENTITY[sdk=iphoneos*]" = "iPhone Developer";
				DEVELOPMENT_TEAM = BQY9KX4V88;
				INFOPLIST_FILE = GiniVision/Info.plist;
				IPHONEOS_DEPLOYMENT_TARGET = 8.0;
				LD_RUNPATH_SEARCH_PATHS = "$(inherited) @executable_path/Frameworks";
				MODULE_NAME = ExampleApp;
				OTHER_SWIFT_FLAGS = "$(inherited) \"-D\" \"COCOAPODS\" -DDEBUG";
				PRODUCT_BUNDLE_IDENTIFIER = net.gini.ios.ginivision.dev;
				PRODUCT_NAME = "$(TARGET_NAME)";
				PROVISIONING_PROFILE = "";
				PROVISIONING_PROFILE_SPECIFIER = "";
				SWIFT_OBJC_BRIDGING_HEADER = "";
				SWIFT_OPTIMIZATION_LEVEL = "-Onone";
				SWIFT_VERSION = 3.0;
				TARGETED_DEVICE_FAMILY = "1,2";
			};
			name = Debug;
		};
		607FACF11AFB9204008FA782 /* In House */ = {
			isa = XCBuildConfiguration;
			baseConfigurationReference = 20C11219DD668F0EB599E7EC /* Pods-GiniVision_Example.in house.xcconfig */;
			buildSettings = {
				ASSETCATALOG_COMPILER_APPICON_NAME = AppIcon;
				CLANG_ENABLE_MODULES = YES;
				CODE_SIGN_ENTITLEMENTS = GiniVision_Example.entitlements;
				CODE_SIGN_IDENTITY = "iPhone Developer";
				"CODE_SIGN_IDENTITY[sdk=iphoneos*]" = "iPhone Developer";
				DEVELOPMENT_TEAM = BQY9KX4V88;
				INFOPLIST_FILE = GiniVision/Info.plist;
				IPHONEOS_DEPLOYMENT_TARGET = 8.0;
				LD_RUNPATH_SEARCH_PATHS = "$(inherited) @executable_path/Frameworks";
				MODULE_NAME = ExampleApp;
				PRODUCT_BUNDLE_IDENTIFIER = "net.gini.ios.ginivision.in-house";
				PRODUCT_NAME = "$(TARGET_NAME)";
				PROVISIONING_PROFILE = "";
				PROVISIONING_PROFILE_SPECIFIER = "";
				SWIFT_OBJC_BRIDGING_HEADER = "";
				SWIFT_VERSION = 3.0;
				TARGETED_DEVICE_FAMILY = "1,2";
			};
			name = "In House";
		};
		607FACF31AFB9204008FA782 /* Debug */ = {
			isa = XCBuildConfiguration;
			baseConfigurationReference = 28FA9DC48A643D78D00DB131 /* Pods-GiniVision_Tests.debug.xcconfig */;
			buildSettings = {
				BUNDLE_LOADER = "$(TEST_HOST)";
				FRAMEWORK_SEARCH_PATHS = (
					"$(SDKROOT)/Developer/Library/Frameworks",
					"$(inherited)",
				);
				GCC_PREPROCESSOR_DEFINITIONS = (
					"DEBUG=1",
					"$(inherited)",
				);
				INFOPLIST_FILE = Tests/Info.plist;
				LD_RUNPATH_SEARCH_PATHS = "$(inherited) @executable_path/Frameworks @loader_path/Frameworks";
				PRODUCT_BUNDLE_IDENTIFIER = "org.cocoapods.$(PRODUCT_NAME:rfc1034identifier)";
				PRODUCT_NAME = "$(TARGET_NAME)";
				SWIFT_VERSION = 3.0;
				TEST_HOST = "$(BUILT_PRODUCTS_DIR)/GiniVision_Example.app/GiniVision_Example";
			};
			name = Debug;
		};
		607FACF41AFB9204008FA782 /* In House */ = {
			isa = XCBuildConfiguration;
			baseConfigurationReference = D068EF1D8B20A075AC9402F9 /* Pods-GiniVision_Tests.in house.xcconfig */;
			buildSettings = {
				BUNDLE_LOADER = "$(TEST_HOST)";
				FRAMEWORK_SEARCH_PATHS = (
					"$(SDKROOT)/Developer/Library/Frameworks",
					"$(inherited)",
				);
				INFOPLIST_FILE = Tests/Info.plist;
				LD_RUNPATH_SEARCH_PATHS = "$(inherited) @executable_path/Frameworks @loader_path/Frameworks";
				PRODUCT_BUNDLE_IDENTIFIER = "org.cocoapods.$(PRODUCT_NAME:rfc1034identifier)";
				PRODUCT_NAME = "$(TARGET_NAME)";
				SWIFT_VERSION = 3.0;
				TEST_HOST = "$(BUILT_PRODUCTS_DIR)/GiniVision_Example.app/GiniVision_Example";
			};
			name = "In House";
		};
/* End XCBuildConfiguration section */

/* Begin XCConfigurationList section */
		0A3B965B1D478BF700BFEF05 /* Build configuration list for PBXNativeTarget "GiniVision_UITests" */ = {
			isa = XCConfigurationList;
			buildConfigurations = (
				0A3B96591D478BF700BFEF05 /* Debug */,
				0A3B965A1D478BF700BFEF05 /* In House */,
				0A32758A1D5349F5003959E4 /* Release */,
			);
			defaultConfigurationIsVisible = 0;
			defaultConfigurationName = Debug;
		};
		607FACCB1AFB9204008FA782 /* Build configuration list for PBXProject "GiniVision" */ = {
			isa = XCConfigurationList;
			buildConfigurations = (
				607FACED1AFB9204008FA782 /* Debug */,
				607FACEE1AFB9204008FA782 /* In House */,
				0A3275871D5349F5003959E4 /* Release */,
			);
			defaultConfigurationIsVisible = 0;
			defaultConfigurationName = Debug;
		};
		607FACEF1AFB9204008FA782 /* Build configuration list for PBXNativeTarget "GiniVision_Example" */ = {
			isa = XCConfigurationList;
			buildConfigurations = (
				607FACF01AFB9204008FA782 /* Debug */,
				607FACF11AFB9204008FA782 /* In House */,
				0A3275881D5349F5003959E4 /* Release */,
			);
			defaultConfigurationIsVisible = 0;
			defaultConfigurationName = Debug;
		};
		607FACF21AFB9204008FA782 /* Build configuration list for PBXNativeTarget "GiniVision_Tests" */ = {
			isa = XCConfigurationList;
			buildConfigurations = (
				607FACF31AFB9204008FA782 /* Debug */,
				607FACF41AFB9204008FA782 /* In House */,
				0A3275891D5349F5003959E4 /* Release */,
			);
			defaultConfigurationIsVisible = 0;
			defaultConfigurationName = Debug;
		};
/* End XCConfigurationList section */
	};
	rootObject = 607FACC81AFB9204008FA782 /* Project object */;
}
