// !$*UTF8*$!
{
	archiveVersion = 1;
	classes = {
	};
	objectVersion = 46;
	objects = {

/* Begin PBXBuildFile section */
		0A1D31131D12BB3600AC084C /* Localizable.strings in Resources */ = {isa = PBXBuildFile; fileRef = 0A1D31121D12BB3600AC084C /* Localizable.strings */; };
		0A3B965D1D478C9D00BFEF05 /* GINIOnboardingUITests.swift in Sources */ = {isa = PBXBuildFile; fileRef = 0A3B965C1D478C9D00BFEF05 /* GINIOnboardingUITests.swift */; };
		0A3FEE4E1D58C4C4002A3735 /* GINIReviewUITests.swift in Sources */ = {isa = PBXBuildFile; fileRef = 0A3FEE4D1D58C4C4002A3735 /* GINIReviewUITests.swift */; };
		0A4760631D4F5C98003F8B6A /* GINICameraUITests.swift in Sources */ = {isa = PBXBuildFile; fileRef = 0A4760621D4F5C98003F8B6A /* GINICameraUITests.swift */; };
		0A5DDCA61D9E6A5300EBDDCD /* Settings.bundle in Resources */ = {isa = PBXBuildFile; fileRef = 0A5DDCA51D9E6A5300EBDDCD /* Settings.bundle */; };
		0A82FAD21D59D78300D84632 /* GINIAnalysisUITests.swift in Sources */ = {isa = PBXBuildFile; fileRef = 0A82FAD11D59D78300D84632 /* GINIAnalysisUITests.swift */; };
		0AAE6D4A1D6B6BC500EE9EDD /* NoResultViewController.swift in Sources */ = {isa = PBXBuildFile; fileRef = 0AAE6D491D6B6BC500EE9EDD /* NoResultViewController.swift */; };
		0AAE6D4C1D6B6C0B00EE9EDD /* ResultTableViewController.swift in Sources */ = {isa = PBXBuildFile; fileRef = 0AAE6D4B1D6B6C0B00EE9EDD /* ResultTableViewController.swift */; };
		0AEACE0A1D6385F700052120 /* ComponentAPIDocumentServiceProtocol.swift in Sources */ = {isa = PBXBuildFile; fileRef = 0AEACE091D6385F700052120 /* ComponentAPIDocumentServiceProtocol.swift */; };
		1F195A3320C7C69A008EE2A3 /* Credentials.plist in Resources */ = {isa = PBXBuildFile; fileRef = 1FF3A42020C6D20900081A32 /* Credentials.plist */; };
		1F2E1A9D1FB4855000E1022A /* ComponentAPIOnboardingViewController.swift in Sources */ = {isa = PBXBuildFile; fileRef = 1F2E1A9C1FB4855000E1022A /* ComponentAPIOnboardingViewController.swift */; };
		1F2E1A9F1FB58E2200E1022A /* AppCoordinator.swift in Sources */ = {isa = PBXBuildFile; fileRef = 1F2E1A9E1FB58E2200E1022A /* AppCoordinator.swift */; };
		1F2E1AA11FB58EC900E1022A /* Coordinator.swift in Sources */ = {isa = PBXBuildFile; fileRef = 1F2E1AA01FB58EC900E1022A /* Coordinator.swift */; };
		1F2E1AA31FB5AD5D00E1022A /* ScreenAPICoordinator.swift in Sources */ = {isa = PBXBuildFile; fileRef = 1F2E1AA21FB5AD5D00E1022A /* ScreenAPICoordinator.swift */; };
		1F4ABF8E2153A2EE00020A3B /* DocumentServiceMock.swift in Sources */ = {isa = PBXBuildFile; fileRef = 1FF3A41C20C6C8E700081A32 /* DocumentServiceMock.swift */; };
		1F53F5101FE967C5009E2677 /* RootNavigationController.swift in Sources */ = {isa = PBXBuildFile; fileRef = 1F53F50F1FE967C5009E2677 /* RootNavigationController.swift */; };
		1F578E111FBD7C7D00C17F62 /* SettingsViewController.swift in Sources */ = {isa = PBXBuildFile; fileRef = 1F578E101FBD7C7D00C17F62 /* SettingsViewController.swift */; };
		1F578E131FBD81A300C17F62 /* SettingsViewControllerTests.swift in Sources */ = {isa = PBXBuildFile; fileRef = 1F578E121FBD81A300C17F62 /* SettingsViewControllerTests.swift */; };
		1F59756120A0A21A0012196B /* ComponentAPIDocumentsService.swift in Sources */ = {isa = PBXBuildFile; fileRef = 1F59756020A0A21A0012196B /* ComponentAPIDocumentsService.swift */; };
		1F59756320A0A24A0012196B /* PartialDocument.swift in Sources */ = {isa = PBXBuildFile; fileRef = 1F59756220A0A24A0012196B /* PartialDocument.swift */; };
		1F59756820A1C5C00012196B /* UIViewController.swift in Sources */ = {isa = PBXBuildFile; fileRef = 1F59756720A1C5C00012196B /* UIViewController.swift */; };
		1F5F53321F5DB2E300D4BF06 /* Images.xcassets in Resources */ = {isa = PBXBuildFile; fileRef = 607FACDC1AFB9204008FA782 /* Images.xcassets */; };
		1F731F80228ED0D6002D2EFE /* AnalysisManager.m in Sources */ = {isa = PBXBuildFile; fileRef = 1F731F7F228ED0D6002D2EFE /* AnalysisManager.m */; };
		1F93350220A334F2004BC50C /* AppDelegate.m in Sources */ = {isa = PBXBuildFile; fileRef = 1F93350120A334F2004BC50C /* AppDelegate.m */; };
		1F93350820A334F2004BC50C /* Main.storyboard in Resources */ = {isa = PBXBuildFile; fileRef = 1F93350620A334F2004BC50C /* Main.storyboard */; };
		1F93350A20A334F2004BC50C /* Assets.xcassets in Resources */ = {isa = PBXBuildFile; fileRef = 1F93350920A334F2004BC50C /* Assets.xcassets */; };
		1F93350D20A334F2004BC50C /* LaunchScreen.storyboard in Resources */ = {isa = PBXBuildFile; fileRef = 1F93350B20A334F2004BC50C /* LaunchScreen.storyboard */; };
		1F93351020A334F2004BC50C /* main.m in Sources */ = {isa = PBXBuildFile; fileRef = 1F93350F20A334F2004BC50C /* main.m */; };
		1F93352F20A33617004BC50C /* Localizable.strings in Resources */ = {isa = PBXBuildFile; fileRef = 1F93352620A33617004BC50C /* Localizable.strings */; };
		1F93353120A33617004BC50C /* NoResultViewController.m in Sources */ = {isa = PBXBuildFile; fileRef = 1F93352920A33617004BC50C /* NoResultViewController.m */; };
		1F93353320A33617004BC50C /* ScreenAPIViewController.m in Sources */ = {isa = PBXBuildFile; fileRef = 1F93352C20A33617004BC50C /* ScreenAPIViewController.m */; };
		1F93353420A33617004BC50C /* ResultTableViewController.m in Sources */ = {isa = PBXBuildFile; fileRef = 1F93352E20A33617004BC50C /* ResultTableViewController.m */; };
		1F9411881FB9F4AE0019DECD /* ComponentAPICoordinatorTests.swift in Sources */ = {isa = PBXBuildFile; fileRef = 1F9411871FB9F4AE0019DECD /* ComponentAPICoordinatorTests.swift */; };
		1F94118B1FBAEB7D0019DECD /* ScreenAPICoordinatorTests.swift in Sources */ = {isa = PBXBuildFile; fileRef = 1F94118A1FBAEB7D0019DECD /* ScreenAPICoordinatorTests.swift */; };
		1F9466C5203702E600F52B40 /* CredentialsManager.swift in Sources */ = {isa = PBXBuildFile; fileRef = 1F9466C4203702E600F52B40 /* CredentialsManager.swift */; };
		1FAA2A9720A3546E00A54452 /* CredentialsManager.m in Sources */ = {isa = PBXBuildFile; fileRef = 1FAA2A9620A3546E00A54452 /* CredentialsManager.m */; };
		1FEEADA91F793F84005BA159 /* ComponentAPICoordinator.swift in Sources */ = {isa = PBXBuildFile; fileRef = 1FEEADA81F793F84005BA159 /* ComponentAPICoordinator.swift */; };
		1FEED2941F6AC0440068E8AB /* testPDF.pdf in Resources */ = {isa = PBXBuildFile; fileRef = 1FEED2931F6AC0440068E8AB /* testPDF.pdf */; };
		1FF3A42220C6D20900081A32 /* Credentials.plist in Resources */ = {isa = PBXBuildFile; fileRef = 1FF3A42020C6D20900081A32 /* Credentials.plist */; };
		607FACD61AFB9204008FA782 /* AppDelegate.swift in Sources */ = {isa = PBXBuildFile; fileRef = 607FACD51AFB9204008FA782 /* AppDelegate.swift */; };
		607FACD81AFB9204008FA782 /* SelectAPIViewController.swift in Sources */ = {isa = PBXBuildFile; fileRef = 607FACD71AFB9204008FA782 /* SelectAPIViewController.swift */; };
		607FACDB1AFB9204008FA782 /* Main.storyboard in Resources */ = {isa = PBXBuildFile; fileRef = 607FACD91AFB9204008FA782 /* Main.storyboard */; };
		607FACDD1AFB9204008FA782 /* Images.xcassets in Resources */ = {isa = PBXBuildFile; fileRef = 607FACDC1AFB9204008FA782 /* Images.xcassets */; };
		607FACE01AFB9204008FA782 /* LaunchScreen.xib in Resources */ = {isa = PBXBuildFile; fileRef = 607FACDE1AFB9204008FA782 /* LaunchScreen.xib */; };
		6350C6CA12A05FF246494C87 /* Pods_Example_Tests.framework in Frameworks */ = {isa = PBXBuildFile; fileRef = 1510519692A28DD6D23A019D /* Pods_Example_Tests.framework */; };
		860380DD8156A016B3545CE1 /* Pods_GiniVision_UITests.framework in Frameworks */ = {isa = PBXBuildFile; fileRef = 1D3665DCA4CF5C8C985DF6A0 /* Pods_GiniVision_UITests.framework */; };
		B5828EF3097D72A62D521685 /* Pods_Example_ObjC.framework in Frameworks */ = {isa = PBXBuildFile; fileRef = 9015A1B4FC8759C4481E4376 /* Pods_Example_ObjC.framework */; };
		BD69227B7A8BE8A91E0735E8 /* Pods_Example_Swift.framework in Frameworks */ = {isa = PBXBuildFile; fileRef = 24818C490BF1C99FEA806BD3 /* Pods_Example_Swift.framework */; };
		F40B4065252C9CC700D04B6F /* Credentials.plist in Resources */ = {isa = PBXBuildFile; fileRef = F40B4064252C9CC700D04B6F /* Credentials.plist */; };
		F40B4066252C9CC700D04B6F /* Credentials.plist in Resources */ = {isa = PBXBuildFile; fileRef = F40B4064252C9CC700D04B6F /* Credentials.plist */; };
/* End PBXBuildFile section */

/* Begin PBXContainerItemProxy section */
		0A3B96571D478BF700BFEF05 /* PBXContainerItemProxy */ = {
			isa = PBXContainerItemProxy;
			containerPortal = 607FACC81AFB9204008FA782 /* Project object */;
			proxyType = 1;
			remoteGlobalIDString = 607FACCF1AFB9204008FA782;
			remoteInfo = GiniVision_Example;
		};
		526B963F235705730067C373 /* PBXContainerItemProxy */ = {
			isa = PBXContainerItemProxy;
			containerPortal = 607FACC81AFB9204008FA782 /* Project object */;
			proxyType = 1;
			remoteGlobalIDString = 1F9334FD20A334F2004BC50C;
			remoteInfo = "Example ObjC";
		};
		607FACE61AFB9204008FA782 /* PBXContainerItemProxy */ = {
			isa = PBXContainerItemProxy;
			containerPortal = 607FACC81AFB9204008FA782 /* Project object */;
			proxyType = 1;
			remoteGlobalIDString = 607FACCF1AFB9204008FA782;
			remoteInfo = GiniVision;
		};
/* End PBXContainerItemProxy section */

/* Begin PBXFileReference section */
		07E7021AB18736660769D42D /* Pods-Example ObjC.debug.xcconfig */ = {isa = PBXFileReference; includeInIndex = 1; lastKnownFileType = text.xcconfig; name = "Pods-Example ObjC.debug.xcconfig"; path = "Pods/Target Support Files/Pods-Example ObjC/Pods-Example ObjC.debug.xcconfig"; sourceTree = "<group>"; };
		0A1D31121D12BB3600AC084C /* Localizable.strings */ = {isa = PBXFileReference; fileEncoding = 4; lastKnownFileType = text.plist.strings; path = Localizable.strings; sourceTree = "<group>"; };
		0A3B965C1D478C9D00BFEF05 /* GINIOnboardingUITests.swift */ = {isa = PBXFileReference; fileEncoding = 4; lastKnownFileType = sourcecode.swift; name = GINIOnboardingUITests.swift; path = UITests/GINIOnboardingUITests.swift; sourceTree = SOURCE_ROOT; };
		0A3B965E1D478CB200BFEF05 /* Info.plist */ = {isa = PBXFileReference; fileEncoding = 4; lastKnownFileType = text.plist.xml; name = Info.plist; path = UITests/Info.plist; sourceTree = SOURCE_ROOT; };
		0A3FEE4D1D58C4C4002A3735 /* GINIReviewUITests.swift */ = {isa = PBXFileReference; fileEncoding = 4; lastKnownFileType = sourcecode.swift; name = GINIReviewUITests.swift; path = UITests/GINIReviewUITests.swift; sourceTree = SOURCE_ROOT; };
		0A4760621D4F5C98003F8B6A /* GINICameraUITests.swift */ = {isa = PBXFileReference; fileEncoding = 4; lastKnownFileType = sourcecode.swift; name = GINICameraUITests.swift; path = UITests/GINICameraUITests.swift; sourceTree = SOURCE_ROOT; };
		0A5379301DF96DD300B0FFE9 /* GiniVision_Example.entitlements */ = {isa = PBXFileReference; lastKnownFileType = text.plist.entitlements; path = GiniVision_Example.entitlements; sourceTree = SOURCE_ROOT; };
		0A5DDCA51D9E6A5300EBDDCD /* Settings.bundle */ = {isa = PBXFileReference; lastKnownFileType = "wrapper.plug-in"; path = Settings.bundle; sourceTree = "<group>"; };
		0A82FAD11D59D78300D84632 /* GINIAnalysisUITests.swift */ = {isa = PBXFileReference; fileEncoding = 4; lastKnownFileType = sourcecode.swift; name = GINIAnalysisUITests.swift; path = UITests/GINIAnalysisUITests.swift; sourceTree = SOURCE_ROOT; };
		0AAE6D491D6B6BC500EE9EDD /* NoResultViewController.swift */ = {isa = PBXFileReference; fileEncoding = 4; lastKnownFileType = sourcecode.swift; path = NoResultViewController.swift; sourceTree = "<group>"; };
		0AAE6D4B1D6B6C0B00EE9EDD /* ResultTableViewController.swift */ = {isa = PBXFileReference; fileEncoding = 4; lastKnownFileType = sourcecode.swift; path = ResultTableViewController.swift; sourceTree = "<group>"; };
		0AEACE091D6385F700052120 /* ComponentAPIDocumentServiceProtocol.swift */ = {isa = PBXFileReference; fileEncoding = 4; lastKnownFileType = sourcecode.swift; path = ComponentAPIDocumentServiceProtocol.swift; sourceTree = "<group>"; };
		1510519692A28DD6D23A019D /* Pods_Example_Tests.framework */ = {isa = PBXFileReference; explicitFileType = wrapper.framework; includeInIndex = 0; path = Pods_Example_Tests.framework; sourceTree = BUILT_PRODUCTS_DIR; };
		156A507DBF7F781FDA55A5E2 /* Pods-GiniVision_UITests.debug.xcconfig */ = {isa = PBXFileReference; includeInIndex = 1; lastKnownFileType = text.xcconfig; name = "Pods-GiniVision_UITests.debug.xcconfig"; path = "Pods/Target Support Files/Pods-GiniVision_UITests/Pods-GiniVision_UITests.debug.xcconfig"; sourceTree = "<group>"; };
		1D3665DCA4CF5C8C985DF6A0 /* Pods_GiniVision_UITests.framework */ = {isa = PBXFileReference; explicitFileType = wrapper.framework; includeInIndex = 0; path = Pods_GiniVision_UITests.framework; sourceTree = BUILT_PRODUCTS_DIR; };
		1F1B913621F9BB8600EC2E60 /* de */ = {isa = PBXFileReference; lastKnownFileType = text.plist.strings; name = de; path = de.lproj/LaunchScreen.strings; sourceTree = "<group>"; };
		1F1B913721F9BB8600EC2E60 /* de */ = {isa = PBXFileReference; lastKnownFileType = text.plist.strings; name = de; path = de.lproj/Main.strings; sourceTree = "<group>"; };
		1F1B913821F9BB8600EC2E60 /* de */ = {isa = PBXFileReference; lastKnownFileType = text.plist.strings; name = de; path = de.lproj/LaunchScreen.strings; sourceTree = "<group>"; };
		1F1B913921F9BB8600EC2E60 /* de */ = {isa = PBXFileReference; lastKnownFileType = text.plist.strings; name = de; path = de.lproj/Main.strings; sourceTree = "<group>"; };
		1F2E1A9C1FB4855000E1022A /* ComponentAPIOnboardingViewController.swift */ = {isa = PBXFileReference; fileEncoding = 4; lastKnownFileType = sourcecode.swift; path = ComponentAPIOnboardingViewController.swift; sourceTree = "<group>"; };
		1F2E1A9E1FB58E2200E1022A /* AppCoordinator.swift */ = {isa = PBXFileReference; lastKnownFileType = sourcecode.swift; path = AppCoordinator.swift; sourceTree = "<group>"; };
		1F2E1AA01FB58EC900E1022A /* Coordinator.swift */ = {isa = PBXFileReference; lastKnownFileType = sourcecode.swift; path = Coordinator.swift; sourceTree = "<group>"; };
		1F2E1AA21FB5AD5D00E1022A /* ScreenAPICoordinator.swift */ = {isa = PBXFileReference; lastKnownFileType = sourcecode.swift; path = ScreenAPICoordinator.swift; sourceTree = "<group>"; };
		1F53F50F1FE967C5009E2677 /* RootNavigationController.swift */ = {isa = PBXFileReference; lastKnownFileType = sourcecode.swift; path = RootNavigationController.swift; sourceTree = "<group>"; };
		1F578E101FBD7C7D00C17F62 /* SettingsViewController.swift */ = {isa = PBXFileReference; fileEncoding = 4; lastKnownFileType = sourcecode.swift; path = SettingsViewController.swift; sourceTree = "<group>"; };
		1F578E121FBD81A300C17F62 /* SettingsViewControllerTests.swift */ = {isa = PBXFileReference; lastKnownFileType = sourcecode.swift; path = SettingsViewControllerTests.swift; sourceTree = "<group>"; };
		1F59756020A0A21A0012196B /* ComponentAPIDocumentsService.swift */ = {isa = PBXFileReference; lastKnownFileType = sourcecode.swift; path = ComponentAPIDocumentsService.swift; sourceTree = "<group>"; };
		1F59756220A0A24A0012196B /* PartialDocument.swift */ = {isa = PBXFileReference; lastKnownFileType = sourcecode.swift; path = PartialDocument.swift; sourceTree = "<group>"; };
		1F59756720A1C5C00012196B /* UIViewController.swift */ = {isa = PBXFileReference; lastKnownFileType = sourcecode.swift; path = UIViewController.swift; sourceTree = "<group>"; };
		1F731F7E228ED0D5002D2EFE /* AnalysisManager.h */ = {isa = PBXFileReference; fileEncoding = 4; lastKnownFileType = sourcecode.c.h; path = AnalysisManager.h; sourceTree = "<group>"; };
		1F731F7F228ED0D6002D2EFE /* AnalysisManager.m */ = {isa = PBXFileReference; fileEncoding = 4; lastKnownFileType = sourcecode.c.objc; path = AnalysisManager.m; sourceTree = "<group>"; };
		1F93350020A334F2004BC50C /* AppDelegate.h */ = {isa = PBXFileReference; lastKnownFileType = sourcecode.c.h; path = AppDelegate.h; sourceTree = "<group>"; };
		1F93350120A334F2004BC50C /* AppDelegate.m */ = {isa = PBXFileReference; lastKnownFileType = sourcecode.c.objc; path = AppDelegate.m; sourceTree = "<group>"; };
		1F93350720A334F2004BC50C /* Base */ = {isa = PBXFileReference; lastKnownFileType = file.storyboard; name = Base; path = Base.lproj/Main.storyboard; sourceTree = "<group>"; };
		1F93350920A334F2004BC50C /* Assets.xcassets */ = {isa = PBXFileReference; lastKnownFileType = folder.assetcatalog; path = Assets.xcassets; sourceTree = "<group>"; };
		1F93350C20A334F2004BC50C /* Base */ = {isa = PBXFileReference; lastKnownFileType = file.storyboard; name = Base; path = Base.lproj/LaunchScreen.storyboard; sourceTree = "<group>"; };
		1F93350E20A334F2004BC50C /* Info.plist */ = {isa = PBXFileReference; lastKnownFileType = text.plist.xml; path = Info.plist; sourceTree = "<group>"; };
		1F93350F20A334F2004BC50C /* main.m */ = {isa = PBXFileReference; lastKnownFileType = sourcecode.c.objc; path = main.m; sourceTree = "<group>"; };
		1F93352520A33616004BC50C /* ScreenAPIViewController.h */ = {isa = PBXFileReference; fileEncoding = 4; lastKnownFileType = sourcecode.c.h; path = ScreenAPIViewController.h; sourceTree = "<group>"; };
		1F93352620A33617004BC50C /* Localizable.strings */ = {isa = PBXFileReference; fileEncoding = 4; lastKnownFileType = text.plist.strings; path = Localizable.strings; sourceTree = "<group>"; };
		1F93352820A33617004BC50C /* NoResultViewController.h */ = {isa = PBXFileReference; fileEncoding = 4; lastKnownFileType = sourcecode.c.h; path = NoResultViewController.h; sourceTree = "<group>"; };
		1F93352920A33617004BC50C /* NoResultViewController.m */ = {isa = PBXFileReference; fileEncoding = 4; lastKnownFileType = sourcecode.c.objc; path = NoResultViewController.m; sourceTree = "<group>"; };
		1F93352A20A33617004BC50C /* ResultTableViewController.h */ = {isa = PBXFileReference; fileEncoding = 4; lastKnownFileType = sourcecode.c.h; path = ResultTableViewController.h; sourceTree = "<group>"; };
		1F93352C20A33617004BC50C /* ScreenAPIViewController.m */ = {isa = PBXFileReference; fileEncoding = 4; lastKnownFileType = sourcecode.c.objc; path = ScreenAPIViewController.m; sourceTree = "<group>"; };
		1F93352E20A33617004BC50C /* ResultTableViewController.m */ = {isa = PBXFileReference; fileEncoding = 4; lastKnownFileType = sourcecode.c.objc; path = ResultTableViewController.m; sourceTree = "<group>"; };
		1F9411871FB9F4AE0019DECD /* ComponentAPICoordinatorTests.swift */ = {isa = PBXFileReference; lastKnownFileType = sourcecode.swift; path = ComponentAPICoordinatorTests.swift; sourceTree = "<group>"; };
		1F94118A1FBAEB7D0019DECD /* ScreenAPICoordinatorTests.swift */ = {isa = PBXFileReference; lastKnownFileType = sourcecode.swift; path = ScreenAPICoordinatorTests.swift; sourceTree = "<group>"; };
		1F9466C4203702E600F52B40 /* CredentialsManager.swift */ = {isa = PBXFileReference; lastKnownFileType = sourcecode.swift; path = CredentialsManager.swift; sourceTree = "<group>"; };
		1FA970372149409600B776B8 /* Example Swift.app */ = {isa = PBXFileReference; explicitFileType = wrapper.application; includeInIndex = 0; path = "Example Swift.app"; sourceTree = BUILT_PRODUCTS_DIR; };
		1FA970382149409600B776B8 /* Example ObjC.app */ = {isa = PBXFileReference; explicitFileType = wrapper.application; includeInIndex = 0; path = "Example ObjC.app"; sourceTree = BUILT_PRODUCTS_DIR; };
		1FA970392149409600B776B8 /* Example_Tests.xctest */ = {isa = PBXFileReference; explicitFileType = wrapper.cfbundle; includeInIndex = 0; path = Example_Tests.xctest; sourceTree = BUILT_PRODUCTS_DIR; };
		1FA9703A2149409600B776B8 /* GiniVision_UITests.xctest */ = {isa = PBXFileReference; explicitFileType = wrapper.cfbundle; includeInIndex = 0; path = GiniVision_UITests.xctest; sourceTree = BUILT_PRODUCTS_DIR; };
		1FAA2A9620A3546E00A54452 /* CredentialsManager.m */ = {isa = PBXFileReference; lastKnownFileType = sourcecode.c.objc; path = CredentialsManager.m; sourceTree = "<group>"; };
		1FAA2A9820A3548D00A54452 /* CredentialsManager.h */ = {isa = PBXFileReference; lastKnownFileType = sourcecode.c.h; path = CredentialsManager.h; sourceTree = "<group>"; };
		1FEEADA81F793F84005BA159 /* ComponentAPICoordinator.swift */ = {isa = PBXFileReference; lastKnownFileType = sourcecode.swift; path = ComponentAPICoordinator.swift; sourceTree = "<group>"; };
		1FEED2931F6AC0440068E8AB /* testPDF.pdf */ = {isa = PBXFileReference; lastKnownFileType = image.pdf; path = testPDF.pdf; sourceTree = "<group>"; };
		1FF3A41C20C6C8E700081A32 /* DocumentServiceMock.swift */ = {isa = PBXFileReference; lastKnownFileType = sourcecode.swift; path = DocumentServiceMock.swift; sourceTree = "<group>"; };
		1FF3A42020C6D20900081A32 /* Credentials.plist */ = {isa = PBXFileReference; fileEncoding = 4; lastKnownFileType = text.plist.xml; path = Credentials.plist; sourceTree = SOURCE_ROOT; };
		24818C490BF1C99FEA806BD3 /* Pods_Example_Swift.framework */ = {isa = PBXFileReference; explicitFileType = wrapper.framework; includeInIndex = 0; path = Pods_Example_Swift.framework; sourceTree = BUILT_PRODUCTS_DIR; };
		31B85359B1A820A66036BEFA /* Pods-Example_Tests.release.xcconfig */ = {isa = PBXFileReference; includeInIndex = 1; lastKnownFileType = text.xcconfig; name = "Pods-Example_Tests.release.xcconfig"; path = "Pods/Target Support Files/Pods-Example_Tests/Pods-Example_Tests.release.xcconfig"; sourceTree = "<group>"; };
		3AFCE27BDC0098A311CCFB18 /* README.md */ = {isa = PBXFileReference; includeInIndex = 1; lastKnownFileType = net.daringfireball.markdown; name = README.md; path = ../README.md; sourceTree = "<group>"; };
		607FACD41AFB9204008FA782 /* Info.plist */ = {isa = PBXFileReference; lastKnownFileType = text.plist.xml; path = Info.plist; sourceTree = "<group>"; };
		607FACD51AFB9204008FA782 /* AppDelegate.swift */ = {isa = PBXFileReference; lastKnownFileType = sourcecode.swift; path = AppDelegate.swift; sourceTree = "<group>"; };
		607FACD71AFB9204008FA782 /* SelectAPIViewController.swift */ = {isa = PBXFileReference; lastKnownFileType = sourcecode.swift; path = SelectAPIViewController.swift; sourceTree = "<group>"; };
		607FACDA1AFB9204008FA782 /* Base */ = {isa = PBXFileReference; lastKnownFileType = file.storyboard; name = Base; path = Base.lproj/Main.storyboard; sourceTree = "<group>"; };
		607FACDC1AFB9204008FA782 /* Images.xcassets */ = {isa = PBXFileReference; lastKnownFileType = folder.assetcatalog; path = Images.xcassets; sourceTree = "<group>"; };
		607FACDF1AFB9204008FA782 /* Base */ = {isa = PBXFileReference; lastKnownFileType = file.xib; name = Base; path = Base.lproj/LaunchScreen.xib; sourceTree = "<group>"; };
		607FACEA1AFB9204008FA782 /* Info.plist */ = {isa = PBXFileReference; lastKnownFileType = text.plist.xml; path = Info.plist; sourceTree = "<group>"; };
		60EC94F8BBE625F0B72757CB /* Pods-Example Swift.in house.xcconfig */ = {isa = PBXFileReference; includeInIndex = 1; lastKnownFileType = text.xcconfig; name = "Pods-Example Swift.in house.xcconfig"; path = "Pods/Target Support Files/Pods-Example Swift/Pods-Example Swift.in house.xcconfig"; sourceTree = "<group>"; };
		61A701C67CE3082AB0EC8673 /* Pods-Example Swift.release.xcconfig */ = {isa = PBXFileReference; includeInIndex = 1; lastKnownFileType = text.xcconfig; name = "Pods-Example Swift.release.xcconfig"; path = "Pods/Target Support Files/Pods-Example Swift/Pods-Example Swift.release.xcconfig"; sourceTree = "<group>"; };
		64CB6962E71E0CCADA45059C /* Pods-Example ObjC.in house.xcconfig */ = {isa = PBXFileReference; includeInIndex = 1; lastKnownFileType = text.xcconfig; name = "Pods-Example ObjC.in house.xcconfig"; path = "Pods/Target Support Files/Pods-Example ObjC/Pods-Example ObjC.in house.xcconfig"; sourceTree = "<group>"; };
		681CE585C2FA75F65D767DA2 /* Pods-Example ObjC.release.xcconfig */ = {isa = PBXFileReference; includeInIndex = 1; lastKnownFileType = text.xcconfig; name = "Pods-Example ObjC.release.xcconfig"; path = "Pods/Target Support Files/Pods-Example ObjC/Pods-Example ObjC.release.xcconfig"; sourceTree = "<group>"; };
		9015A1B4FC8759C4481E4376 /* Pods_Example_ObjC.framework */ = {isa = PBXFileReference; explicitFileType = wrapper.framework; includeInIndex = 0; path = Pods_Example_ObjC.framework; sourceTree = BUILT_PRODUCTS_DIR; };
		9D28D3A8D252D1E9ECD44FB2 /* Pods-GiniVision_UITests.in house.xcconfig */ = {isa = PBXFileReference; includeInIndex = 1; lastKnownFileType = text.xcconfig; name = "Pods-GiniVision_UITests.in house.xcconfig"; path = "Pods/Target Support Files/Pods-GiniVision_UITests/Pods-GiniVision_UITests.in house.xcconfig"; sourceTree = "<group>"; };
		A94F6FC7E0AE3233DEBE506E /* Pods-Example Swift.debug.xcconfig */ = {isa = PBXFileReference; includeInIndex = 1; lastKnownFileType = text.xcconfig; name = "Pods-Example Swift.debug.xcconfig"; path = "Pods/Target Support Files/Pods-Example Swift/Pods-Example Swift.debug.xcconfig"; sourceTree = "<group>"; };
		B61EB811A8C45FEA2ECA7917 /* Pods-Example_Tests.debug.xcconfig */ = {isa = PBXFileReference; includeInIndex = 1; lastKnownFileType = text.xcconfig; name = "Pods-Example_Tests.debug.xcconfig"; path = "Pods/Target Support Files/Pods-Example_Tests/Pods-Example_Tests.debug.xcconfig"; sourceTree = "<group>"; };
		CBD2F913857B2170BF39C891 /* LICENSE */ = {isa = PBXFileReference; includeInIndex = 1; lastKnownFileType = text; name = LICENSE; path = ../LICENSE; sourceTree = "<group>"; };
		EB92C15B9A53B0CB41B54CE4 /* Pods-Example_Tests.in house.xcconfig */ = {isa = PBXFileReference; includeInIndex = 1; lastKnownFileType = text.xcconfig; name = "Pods-Example_Tests.in house.xcconfig"; path = "Pods/Target Support Files/Pods-Example_Tests/Pods-Example_Tests.in house.xcconfig"; sourceTree = "<group>"; };
		F40B4064252C9CC700D04B6F /* Credentials.plist */ = {isa = PBXFileReference; lastKnownFileType = text.plist.xml; path = Credentials.plist; sourceTree = "<group>"; };
		F97F499BF68BBC3EED33BE92 /* GiniVision.podspec */ = {isa = PBXFileReference; includeInIndex = 1; lastKnownFileType = text; name = GiniVision.podspec; path = ../GiniVision.podspec; sourceTree = "<group>"; xcLanguageSpecificationIdentifier = xcode.lang.ruby; };
		FDD84915880AC0748A55810C /* Pods-GiniVision_UITests.release.xcconfig */ = {isa = PBXFileReference; includeInIndex = 1; lastKnownFileType = text.xcconfig; name = "Pods-GiniVision_UITests.release.xcconfig"; path = "Pods/Target Support Files/Pods-GiniVision_UITests/Pods-GiniVision_UITests.release.xcconfig"; sourceTree = "<group>"; };
/* End PBXFileReference section */

/* Begin PBXFrameworksBuildPhase section */
		0A3B964F1D478BF700BFEF05 /* Frameworks */ = {
			isa = PBXFrameworksBuildPhase;
			buildActionMask = 2147483647;
			files = (
				860380DD8156A016B3545CE1 /* Pods_GiniVision_UITests.framework in Frameworks */,
			);
			runOnlyForDeploymentPostprocessing = 0;
		};
		1F9334FB20A334F2004BC50C /* Frameworks */ = {
			isa = PBXFrameworksBuildPhase;
			buildActionMask = 2147483647;
			files = (
				B5828EF3097D72A62D521685 /* Pods_Example_ObjC.framework in Frameworks */,
			);
			runOnlyForDeploymentPostprocessing = 0;
		};
		607FACCD1AFB9204008FA782 /* Frameworks */ = {
			isa = PBXFrameworksBuildPhase;
			buildActionMask = 2147483647;
			files = (
				BD69227B7A8BE8A91E0735E8 /* Pods_Example_Swift.framework in Frameworks */,
			);
			runOnlyForDeploymentPostprocessing = 0;
		};
		607FACE21AFB9204008FA782 /* Frameworks */ = {
			isa = PBXFrameworksBuildPhase;
			buildActionMask = 2147483647;
			files = (
				6350C6CA12A05FF246494C87 /* Pods_Example_Tests.framework in Frameworks */,
			);
			runOnlyForDeploymentPostprocessing = 0;
		};
/* End PBXFrameworksBuildPhase section */

/* Begin PBXGroup section */
		0A1F0FF11D48C6380035D47D /* Suporting Files */ = {
			isa = PBXGroup;
			children = (
				0A3B965E1D478CB200BFEF05 /* Info.plist */,
			);
			name = "Suporting Files";
			sourceTree = "<group>";
		};
		0A3B96531D478BF700BFEF05 /* UITests */ = {
			isa = PBXGroup;
			children = (
				0A3B965C1D478C9D00BFEF05 /* GINIOnboardingUITests.swift */,
				0A4760621D4F5C98003F8B6A /* GINICameraUITests.swift */,
				0A3FEE4D1D58C4C4002A3735 /* GINIReviewUITests.swift */,
				0A82FAD11D59D78300D84632 /* GINIAnalysisUITests.swift */,
				0A1F0FF11D48C6380035D47D /* Suporting Files */,
			);
			name = UITests;
			path = GiniVision_UITests;
			sourceTree = "<group>";
		};
		1F1D3B0120A32EAC00F37632 /* Extensions */ = {
			isa = PBXGroup;
			children = (
				1F59756720A1C5C00012196B /* UIViewController.swift */,
			);
			name = Extensions;
			sourceTree = "<group>";
		};
		1F577530203C4EB40074FD63 /* Component API */ = {
			isa = PBXGroup;
			children = (
				1FEEADA81F793F84005BA159 /* ComponentAPICoordinator.swift */,
				1F2E1A9C1FB4855000E1022A /* ComponentAPIOnboardingViewController.swift */,
				0AEACE091D6385F700052120 /* ComponentAPIDocumentServiceProtocol.swift */,
				1F59756020A0A21A0012196B /* ComponentAPIDocumentsService.swift */,
				1F59756220A0A24A0012196B /* PartialDocument.swift */,
			);
			name = "Component API";
			sourceTree = "<group>";
		};
		1F577531203C4EEE0074FD63 /* Screen API */ = {
			isa = PBXGroup;
			children = (
				1F2E1AA21FB5AD5D00E1022A /* ScreenAPICoordinator.swift */,
				1F53F50F1FE967C5009E2677 /* RootNavigationController.swift */,
			);
			name = "Screen API";
			sourceTree = "<group>";
		};
		1F9334FF20A334F2004BC50C /* Example ObjC */ = {
			isa = PBXGroup;
			children = (
				1F93350020A334F2004BC50C /* AppDelegate.h */,
				1F93350120A334F2004BC50C /* AppDelegate.m */,
				1F731F7E228ED0D5002D2EFE /* AnalysisManager.h */,
				1F731F7F228ED0D6002D2EFE /* AnalysisManager.m */,
				1F93350920A334F2004BC50C /* Assets.xcassets */,
				1FAA2A9820A3548D00A54452 /* CredentialsManager.h */,
				1FAA2A9620A3546E00A54452 /* CredentialsManager.m */,
				1F93350E20A334F2004BC50C /* Info.plist */,
				1F93350B20A334F2004BC50C /* LaunchScreen.storyboard */,
				1F93352620A33617004BC50C /* Localizable.strings */,
				1F93350F20A334F2004BC50C /* main.m */,
				1F93350620A334F2004BC50C /* Main.storyboard */,
				1F93352820A33617004BC50C /* NoResultViewController.h */,
				1F93352920A33617004BC50C /* NoResultViewController.m */,
				1F93352A20A33617004BC50C /* ResultTableViewController.h */,
				1F93352E20A33617004BC50C /* ResultTableViewController.m */,
				1F93352520A33616004BC50C /* ScreenAPIViewController.h */,
				1F93352C20A33617004BC50C /* ScreenAPIViewController.m */,
			);
			path = "Example ObjC";
			sourceTree = "<group>";
		};
		1FF3A41B20C6B9F300081A32 /* Helpers */ = {
			isa = PBXGroup;
			children = (
				1FF3A41C20C6C8E700081A32 /* DocumentServiceMock.swift */,
			);
			name = Helpers;
			sourceTree = "<group>";
		};
		5903D73FD10A02E50CE6BA92 /* Frameworks */ = {
			isa = PBXGroup;
			children = (
				9015A1B4FC8759C4481E4376 /* Pods_Example_ObjC.framework */,
				24818C490BF1C99FEA806BD3 /* Pods_Example_Swift.framework */,
				1510519692A28DD6D23A019D /* Pods_Example_Tests.framework */,
				1D3665DCA4CF5C8C985DF6A0 /* Pods_GiniVision_UITests.framework */,
			);
			name = Frameworks;
			sourceTree = "<group>";
		};
		607FACC71AFB9204008FA782 = {
			isa = PBXGroup;
			children = (
				F40B4064252C9CC700D04B6F /* Credentials.plist */,
				0A5379301DF96DD300B0FFE9 /* GiniVision_Example.entitlements */,
				607FACD21AFB9204008FA782 /* Example Swift */,
				1F9334FF20A334F2004BC50C /* Example ObjC */,
				746ED1F9F314AF254449E3C5 /* Pods */,
				607FACF51AFB993E008FA782 /* Podspec Metadata */,
				607FACE81AFB9204008FA782 /* Tests */,
				0A3B96531D478BF700BFEF05 /* UITests */,
				5903D73FD10A02E50CE6BA92 /* Frameworks */,
				1FA970372149409600B776B8 /* Example Swift.app */,
				1FA970382149409600B776B8 /* Example ObjC.app */,
				1FA970392149409600B776B8 /* Example_Tests.xctest */,
				1FA9703A2149409600B776B8 /* GiniVision_UITests.xctest */,
			);
			sourceTree = "<group>";
		};
		607FACD21AFB9204008FA782 /* Example Swift */ = {
			isa = PBXGroup;
			children = (
				1F2E1A9E1FB58E2200E1022A /* AppCoordinator.swift */,
				607FACD51AFB9204008FA782 /* AppDelegate.swift */,
				1F2E1AA01FB58EC900E1022A /* Coordinator.swift */,
				1F9466C4203702E600F52B40 /* CredentialsManager.swift */,
				0AAE6D491D6B6BC500EE9EDD /* NoResultViewController.swift */,
				0AAE6D4B1D6B6C0B00EE9EDD /* ResultTableViewController.swift */,
				607FACD71AFB9204008FA782 /* SelectAPIViewController.swift */,
				1F578E101FBD7C7D00C17F62 /* SettingsViewController.swift */,
				1F577530203C4EB40074FD63 /* Component API */,
				1F1D3B0120A32EAC00F37632 /* Extensions */,
				607FACDE1AFB9204008FA782 /* LaunchScreen.xib */,
				607FACD91AFB9204008FA782 /* Main.storyboard */,
				1F577531203C4EEE0074FD63 /* Screen API */,
				607FACD31AFB9204008FA782 /* Supporting Files */,
			);
			path = "Example Swift";
			sourceTree = "<group>";
		};
		607FACD31AFB9204008FA782 /* Supporting Files */ = {
			isa = PBXGroup;
			children = (
				1FF3A42020C6D20900081A32 /* Credentials.plist */,
				607FACDC1AFB9204008FA782 /* Images.xcassets */,
				0A5DDCA51D9E6A5300EBDDCD /* Settings.bundle */,
				0A1D31121D12BB3600AC084C /* Localizable.strings */,
				607FACD41AFB9204008FA782 /* Info.plist */,
			);
			name = "Supporting Files";
			sourceTree = "<group>";
		};
		607FACE81AFB9204008FA782 /* Tests */ = {
			isa = PBXGroup;
			children = (
				1F9411871FB9F4AE0019DECD /* ComponentAPICoordinatorTests.swift */,
				1F94118A1FBAEB7D0019DECD /* ScreenAPICoordinatorTests.swift */,
				1F578E121FBD81A300C17F62 /* SettingsViewControllerTests.swift */,
				1FF3A41B20C6B9F300081A32 /* Helpers */,
				607FACE91AFB9204008FA782 /* Supporting Files */,
			);
			path = Tests;
			sourceTree = "<group>";
		};
		607FACE91AFB9204008FA782 /* Supporting Files */ = {
			isa = PBXGroup;
			children = (
				1FEED2931F6AC0440068E8AB /* testPDF.pdf */,
				607FACEA1AFB9204008FA782 /* Info.plist */,
			);
			name = "Supporting Files";
			sourceTree = "<group>";
		};
		607FACF51AFB993E008FA782 /* Podspec Metadata */ = {
			isa = PBXGroup;
			children = (
				F97F499BF68BBC3EED33BE92 /* GiniVision.podspec */,
				3AFCE27BDC0098A311CCFB18 /* README.md */,
				CBD2F913857B2170BF39C891 /* LICENSE */,
			);
			name = "Podspec Metadata";
			sourceTree = "<group>";
		};
		746ED1F9F314AF254449E3C5 /* Pods */ = {
			isa = PBXGroup;
			children = (
				156A507DBF7F781FDA55A5E2 /* Pods-GiniVision_UITests.debug.xcconfig */,
				9D28D3A8D252D1E9ECD44FB2 /* Pods-GiniVision_UITests.in house.xcconfig */,
				FDD84915880AC0748A55810C /* Pods-GiniVision_UITests.release.xcconfig */,
				07E7021AB18736660769D42D /* Pods-Example ObjC.debug.xcconfig */,
				64CB6962E71E0CCADA45059C /* Pods-Example ObjC.in house.xcconfig */,
				681CE585C2FA75F65D767DA2 /* Pods-Example ObjC.release.xcconfig */,
				A94F6FC7E0AE3233DEBE506E /* Pods-Example Swift.debug.xcconfig */,
				60EC94F8BBE625F0B72757CB /* Pods-Example Swift.in house.xcconfig */,
				61A701C67CE3082AB0EC8673 /* Pods-Example Swift.release.xcconfig */,
				B61EB811A8C45FEA2ECA7917 /* Pods-Example_Tests.debug.xcconfig */,
				EB92C15B9A53B0CB41B54CE4 /* Pods-Example_Tests.in house.xcconfig */,
				31B85359B1A820A66036BEFA /* Pods-Example_Tests.release.xcconfig */,
			);
			name = Pods;
			sourceTree = "<group>";
		};
/* End PBXGroup section */

/* Begin PBXNativeTarget section */
		0A3B96511D478BF700BFEF05 /* GiniVision_UITests */ = {
			isa = PBXNativeTarget;
			buildConfigurationList = 0A3B965B1D478BF700BFEF05 /* Build configuration list for PBXNativeTarget "GiniVision_UITests" */;
			buildPhases = (
				58ADBC8598D8B1A68E16E2EE /* [CP] Check Pods Manifest.lock */,
				0A3B964E1D478BF700BFEF05 /* Sources */,
				0A3B964F1D478BF700BFEF05 /* Frameworks */,
				0A3B96501D478BF700BFEF05 /* Resources */,
			);
			buildRules = (
			);
			dependencies = (
				0A3B96581D478BF700BFEF05 /* PBXTargetDependency */,
				526B9640235705730067C373 /* PBXTargetDependency */,
			);
			name = GiniVision_UITests;
			productName = GiniVision_UITests;
			productReference = 1FA9703A2149409600B776B8 /* GiniVision_UITests.xctest */;
			productType = "com.apple.product-type.bundle.ui-testing";
		};
		1F9334FD20A334F2004BC50C /* Example ObjC */ = {
			isa = PBXNativeTarget;
			buildConfigurationList = 1F93352220A334F2004BC50C /* Build configuration list for PBXNativeTarget "Example ObjC" */;
			buildPhases = (
				74CB0615257AB7AEF338996D /* [CP] Check Pods Manifest.lock */,
				1F9334FA20A334F2004BC50C /* Sources */,
				1F9334FB20A334F2004BC50C /* Frameworks */,
				1F9334FC20A334F2004BC50C /* Resources */,
				656D94EB421F630804048D09 /* [CP] Embed Pods Frameworks */,
			);
			buildRules = (
			);
			dependencies = (
			);
			name = "Example ObjC";
			productName = "Example ObjC";
			productReference = 1FA970382149409600B776B8 /* Example ObjC.app */;
			productType = "com.apple.product-type.application";
		};
		607FACCF1AFB9204008FA782 /* Example Swift */ = {
			isa = PBXNativeTarget;
			buildConfigurationList = 607FACEF1AFB9204008FA782 /* Build configuration list for PBXNativeTarget "Example Swift" */;
			buildPhases = (
				9FA62A3D130B272850E65229 /* [CP] Check Pods Manifest.lock */,
				607FACCC1AFB9204008FA782 /* Sources */,
				607FACCD1AFB9204008FA782 /* Frameworks */,
				607FACCE1AFB9204008FA782 /* Resources */,
				1A1C04866FBA7F9B880F73B0 /* [CP] Embed Pods Frameworks */,
				1FE5C1321FD582370086AA08 /* Swiftlint */,
			);
			buildRules = (
			);
			dependencies = (
			);
			name = "Example Swift";
			productName = GiniVision;
			productReference = 1FA970372149409600B776B8 /* Example Swift.app */;
			productType = "com.apple.product-type.application";
		};
		607FACE41AFB9204008FA782 /* Example_Tests */ = {
			isa = PBXNativeTarget;
			buildConfigurationList = 607FACF21AFB9204008FA782 /* Build configuration list for PBXNativeTarget "Example_Tests" */;
			buildPhases = (
				F53D195B30CB9BB8D2A46491 /* [CP] Check Pods Manifest.lock */,
				607FACE11AFB9204008FA782 /* Sources */,
				607FACE21AFB9204008FA782 /* Frameworks */,
				607FACE31AFB9204008FA782 /* Resources */,
			);
			buildRules = (
			);
			dependencies = (
				607FACE71AFB9204008FA782 /* PBXTargetDependency */,
			);
			name = Example_Tests;
			productName = Tests;
			productReference = 1FA970392149409600B776B8 /* Example_Tests.xctest */;
			productType = "com.apple.product-type.bundle.unit-test";
		};
/* End PBXNativeTarget section */

/* Begin PBXProject section */
		607FACC81AFB9204008FA782 /* Project object */ = {
			isa = PBXProject;
			attributes = {
				LastSwiftUpdateCheck = 0940;
				LastUpgradeCheck = 1100;
				ORGANIZATIONNAME = "Gini GmbH";
				TargetAttributes = {
					0A3B96511D478BF700BFEF05 = {
						CreatedOnToolsVersion = 7.3.1;
						LastSwiftMigration = 1020;
						TestTargetID = 607FACCF1AFB9204008FA782;
					};
					1F9334FD20A334F2004BC50C = {
						CreatedOnToolsVersion = 9.3;
						DevelopmentTeam = BQY9KX4V88;
						ProvisioningStyle = Automatic;
					};
					607FACCF1AFB9204008FA782 = {
						CreatedOnToolsVersion = 6.3.1;
						DevelopmentTeam = BQY9KX4V88;
						LastSwiftMigration = 1020;
						ProvisioningStyle = Automatic;
						SystemCapabilities = {
							com.apple.Keychain = {
								enabled = 1;
							};
							com.apple.iCloud = {
								enabled = 1;
							};
						};
					};
					607FACE41AFB9204008FA782 = {
						CreatedOnToolsVersion = 6.3.1;
						DevelopmentTeam = BQY9KX4V88;
						LastSwiftMigration = 1020;
						TestTargetID = 607FACCF1AFB9204008FA782;
					};
				};
			};
			buildConfigurationList = 607FACCB1AFB9204008FA782 /* Build configuration list for PBXProject "GiniVision" */;
			compatibilityVersion = "Xcode 3.2";
			developmentRegion = en;
			hasScannedForEncodings = 0;
			knownRegions = (
				en,
				Base,
				de,
			);
			mainGroup = 607FACC71AFB9204008FA782;
			productRefGroup = 607FACC71AFB9204008FA782;
			projectDirPath = "";
			projectRoot = "";
			targets = (
				607FACCF1AFB9204008FA782 /* Example Swift */,
				1F9334FD20A334F2004BC50C /* Example ObjC */,
				607FACE41AFB9204008FA782 /* Example_Tests */,
				0A3B96511D478BF700BFEF05 /* GiniVision_UITests */,
			);
		};
/* End PBXProject section */

/* Begin PBXResourcesBuildPhase section */
		0A3B96501D478BF700BFEF05 /* Resources */ = {
			isa = PBXResourcesBuildPhase;
			buildActionMask = 2147483647;
			files = (
			);
			runOnlyForDeploymentPostprocessing = 0;
		};
		1F9334FC20A334F2004BC50C /* Resources */ = {
			isa = PBXResourcesBuildPhase;
			buildActionMask = 2147483647;
			files = (
				1F93350D20A334F2004BC50C /* LaunchScreen.storyboard in Resources */,
				1F93352F20A33617004BC50C /* Localizable.strings in Resources */,
				1FF3A42220C6D20900081A32 /* Credentials.plist in Resources */,
				F40B4066252C9CC700D04B6F /* Credentials.plist in Resources */,
				1F93350A20A334F2004BC50C /* Assets.xcassets in Resources */,
				1F93350820A334F2004BC50C /* Main.storyboard in Resources */,
			);
			runOnlyForDeploymentPostprocessing = 0;
		};
		607FACCE1AFB9204008FA782 /* Resources */ = {
			isa = PBXResourcesBuildPhase;
			buildActionMask = 2147483647;
			files = (
				1F195A3320C7C69A008EE2A3 /* Credentials.plist in Resources */,
				F40B4065252C9CC700D04B6F /* Credentials.plist in Resources */,
				607FACDB1AFB9204008FA782 /* Main.storyboard in Resources */,
				0A1D31131D12BB3600AC084C /* Localizable.strings in Resources */,
				607FACE01AFB9204008FA782 /* LaunchScreen.xib in Resources */,
				607FACDD1AFB9204008FA782 /* Images.xcassets in Resources */,
				1FEED2941F6AC0440068E8AB /* testPDF.pdf in Resources */,
				0A5DDCA61D9E6A5300EBDDCD /* Settings.bundle in Resources */,
			);
			runOnlyForDeploymentPostprocessing = 0;
		};
		607FACE31AFB9204008FA782 /* Resources */ = {
			isa = PBXResourcesBuildPhase;
			buildActionMask = 2147483647;
			files = (
				1F5F53321F5DB2E300D4BF06 /* Images.xcassets in Resources */,
			);
			runOnlyForDeploymentPostprocessing = 0;
		};
/* End PBXResourcesBuildPhase section */

/* Begin PBXShellScriptBuildPhase section */
		1A1C04866FBA7F9B880F73B0 /* [CP] Embed Pods Frameworks */ = {
			isa = PBXShellScriptBuildPhase;
			buildActionMask = 2147483647;
			files = (
			);
			inputPaths = (
				"${PODS_ROOT}/Target Support Files/Pods-Example Swift/Pods-Example Swift-frameworks.sh",
				"${BUILT_PRODUCTS_DIR}/Gini/Gini.framework",
				"${BUILT_PRODUCTS_DIR}/GiniVision/GiniVision.framework",
			);
			name = "[CP] Embed Pods Frameworks";
			outputPaths = (
				"${TARGET_BUILD_DIR}/${FRAMEWORKS_FOLDER_PATH}/Gini.framework",
				"${TARGET_BUILD_DIR}/${FRAMEWORKS_FOLDER_PATH}/GiniVision.framework",
			);
			runOnlyForDeploymentPostprocessing = 0;
			shellPath = /bin/sh;
			shellScript = "\"${PODS_ROOT}/Target Support Files/Pods-Example Swift/Pods-Example Swift-frameworks.sh\"\n";
			showEnvVarsInLog = 0;
		};
		1FE5C1321FD582370086AA08 /* Swiftlint */ = {
			isa = PBXShellScriptBuildPhase;
			buildActionMask = 2147483647;
			files = (
			);
			inputPaths = (
			);
			name = Swiftlint;
			outputPaths = (
			);
			runOnlyForDeploymentPostprocessing = 0;
			shellPath = /bin/sh;
			shellScript = "if which swiftlint >/dev/null; then\nswiftlint\nelse\necho \"warning: SwiftLint not installed, download from https://github.com/realm/SwiftLint\"\nfi";
		};
		58ADBC8598D8B1A68E16E2EE /* [CP] Check Pods Manifest.lock */ = {
			isa = PBXShellScriptBuildPhase;
			buildActionMask = 2147483647;
			files = (
			);
			inputPaths = (
				"${PODS_PODFILE_DIR_PATH}/Podfile.lock",
				"${PODS_ROOT}/Manifest.lock",
			);
			name = "[CP] Check Pods Manifest.lock";
			outputPaths = (
				"$(DERIVED_FILE_DIR)/Pods-GiniVision_UITests-checkManifestLockResult.txt",
			);
			runOnlyForDeploymentPostprocessing = 0;
			shellPath = /bin/sh;
			shellScript = "diff \"${PODS_PODFILE_DIR_PATH}/Podfile.lock\" \"${PODS_ROOT}/Manifest.lock\" > /dev/null\nif [ $? != 0 ] ; then\n    # print error to STDERR\n    echo \"error: The sandbox is not in sync with the Podfile.lock. Run 'pod install' or update your CocoaPods installation.\" >&2\n    exit 1\nfi\n# This output is used by Xcode 'outputs' to avoid re-running this script phase.\necho \"SUCCESS\" > \"${SCRIPT_OUTPUT_FILE_0}\"\n";
			showEnvVarsInLog = 0;
		};
		656D94EB421F630804048D09 /* [CP] Embed Pods Frameworks */ = {
			isa = PBXShellScriptBuildPhase;
			buildActionMask = 2147483647;
			files = (
			);
			inputPaths = (
				"${PODS_ROOT}/Target Support Files/Pods-Example ObjC/Pods-Example ObjC-frameworks.sh",
				"${BUILT_PRODUCTS_DIR}/Gini/Gini.framework",
				"${BUILT_PRODUCTS_DIR}/GiniVision/GiniVision.framework",
				"${BUILT_PRODUCTS_DIR}/Bolts/Bolts.framework",
				"${BUILT_PRODUCTS_DIR}/Gini-iOS-SDK/Gini_iOS_SDK.framework",
			);
			name = "[CP] Embed Pods Frameworks";
			outputPaths = (
				"${TARGET_BUILD_DIR}/${FRAMEWORKS_FOLDER_PATH}/Gini.framework",
				"${TARGET_BUILD_DIR}/${FRAMEWORKS_FOLDER_PATH}/GiniVision.framework",
				"${TARGET_BUILD_DIR}/${FRAMEWORKS_FOLDER_PATH}/Bolts.framework",
				"${TARGET_BUILD_DIR}/${FRAMEWORKS_FOLDER_PATH}/Gini_iOS_SDK.framework",
			);
			runOnlyForDeploymentPostprocessing = 0;
			shellPath = /bin/sh;
			shellScript = "\"${PODS_ROOT}/Target Support Files/Pods-Example ObjC/Pods-Example ObjC-frameworks.sh\"\n";
			showEnvVarsInLog = 0;
		};
		74CB0615257AB7AEF338996D /* [CP] Check Pods Manifest.lock */ = {
			isa = PBXShellScriptBuildPhase;
			buildActionMask = 2147483647;
			files = (
			);
			inputPaths = (
				"${PODS_PODFILE_DIR_PATH}/Podfile.lock",
				"${PODS_ROOT}/Manifest.lock",
			);
			name = "[CP] Check Pods Manifest.lock";
			outputPaths = (
				"$(DERIVED_FILE_DIR)/Pods-Example ObjC-checkManifestLockResult.txt",
			);
			runOnlyForDeploymentPostprocessing = 0;
			shellPath = /bin/sh;
			shellScript = "diff \"${PODS_PODFILE_DIR_PATH}/Podfile.lock\" \"${PODS_ROOT}/Manifest.lock\" > /dev/null\nif [ $? != 0 ] ; then\n    # print error to STDERR\n    echo \"error: The sandbox is not in sync with the Podfile.lock. Run 'pod install' or update your CocoaPods installation.\" >&2\n    exit 1\nfi\n# This output is used by Xcode 'outputs' to avoid re-running this script phase.\necho \"SUCCESS\" > \"${SCRIPT_OUTPUT_FILE_0}\"\n";
			showEnvVarsInLog = 0;
		};
		9FA62A3D130B272850E65229 /* [CP] Check Pods Manifest.lock */ = {
			isa = PBXShellScriptBuildPhase;
			buildActionMask = 2147483647;
			files = (
			);
			inputPaths = (
				"${PODS_PODFILE_DIR_PATH}/Podfile.lock",
				"${PODS_ROOT}/Manifest.lock",
			);
			name = "[CP] Check Pods Manifest.lock";
			outputPaths = (
				"$(DERIVED_FILE_DIR)/Pods-Example Swift-checkManifestLockResult.txt",
			);
			runOnlyForDeploymentPostprocessing = 0;
			shellPath = /bin/sh;
			shellScript = "diff \"${PODS_PODFILE_DIR_PATH}/Podfile.lock\" \"${PODS_ROOT}/Manifest.lock\" > /dev/null\nif [ $? != 0 ] ; then\n    # print error to STDERR\n    echo \"error: The sandbox is not in sync with the Podfile.lock. Run 'pod install' or update your CocoaPods installation.\" >&2\n    exit 1\nfi\n# This output is used by Xcode 'outputs' to avoid re-running this script phase.\necho \"SUCCESS\" > \"${SCRIPT_OUTPUT_FILE_0}\"\n";
			showEnvVarsInLog = 0;
		};
		F53D195B30CB9BB8D2A46491 /* [CP] Check Pods Manifest.lock */ = {
			isa = PBXShellScriptBuildPhase;
			buildActionMask = 2147483647;
			files = (
			);
			inputPaths = (
				"${PODS_PODFILE_DIR_PATH}/Podfile.lock",
				"${PODS_ROOT}/Manifest.lock",
			);
			name = "[CP] Check Pods Manifest.lock";
			outputPaths = (
				"$(DERIVED_FILE_DIR)/Pods-Example_Tests-checkManifestLockResult.txt",
			);
			runOnlyForDeploymentPostprocessing = 0;
			shellPath = /bin/sh;
			shellScript = "diff \"${PODS_PODFILE_DIR_PATH}/Podfile.lock\" \"${PODS_ROOT}/Manifest.lock\" > /dev/null\nif [ $? != 0 ] ; then\n    # print error to STDERR\n    echo \"error: The sandbox is not in sync with the Podfile.lock. Run 'pod install' or update your CocoaPods installation.\" >&2\n    exit 1\nfi\n# This output is used by Xcode 'outputs' to avoid re-running this script phase.\necho \"SUCCESS\" > \"${SCRIPT_OUTPUT_FILE_0}\"\n";
			showEnvVarsInLog = 0;
		};
/* End PBXShellScriptBuildPhase section */

/* Begin PBXSourcesBuildPhase section */
		0A3B964E1D478BF700BFEF05 /* Sources */ = {
			isa = PBXSourcesBuildPhase;
			buildActionMask = 2147483647;
			files = (
				0A82FAD21D59D78300D84632 /* GINIAnalysisUITests.swift in Sources */,
				0A3B965D1D478C9D00BFEF05 /* GINIOnboardingUITests.swift in Sources */,
				0A4760631D4F5C98003F8B6A /* GINICameraUITests.swift in Sources */,
				0A3FEE4E1D58C4C4002A3735 /* GINIReviewUITests.swift in Sources */,
			);
			runOnlyForDeploymentPostprocessing = 0;
		};
		1F9334FA20A334F2004BC50C /* Sources */ = {
			isa = PBXSourcesBuildPhase;
			buildActionMask = 2147483647;
			files = (
				1FAA2A9720A3546E00A54452 /* CredentialsManager.m in Sources */,
				1F731F80228ED0D6002D2EFE /* AnalysisManager.m in Sources */,
				1F93351020A334F2004BC50C /* main.m in Sources */,
				1F93350220A334F2004BC50C /* AppDelegate.m in Sources */,
				1F93353420A33617004BC50C /* ResultTableViewController.m in Sources */,
				1F93353320A33617004BC50C /* ScreenAPIViewController.m in Sources */,
				1F93353120A33617004BC50C /* NoResultViewController.m in Sources */,
			);
			runOnlyForDeploymentPostprocessing = 0;
		};
		607FACCC1AFB9204008FA782 /* Sources */ = {
			isa = PBXSourcesBuildPhase;
			buildActionMask = 2147483647;
			files = (
				1F59756320A0A24A0012196B /* PartialDocument.swift in Sources */,
				1F53F5101FE967C5009E2677 /* RootNavigationController.swift in Sources */,
				1F59756820A1C5C00012196B /* UIViewController.swift in Sources */,
				1F59756120A0A21A0012196B /* ComponentAPIDocumentsService.swift in Sources */,
				1F2E1AA11FB58EC900E1022A /* Coordinator.swift in Sources */,
				1F2E1AA31FB5AD5D00E1022A /* ScreenAPICoordinator.swift in Sources */,
				1F9466C5203702E600F52B40 /* CredentialsManager.swift in Sources */,
				0AEACE0A1D6385F700052120 /* ComponentAPIDocumentServiceProtocol.swift in Sources */,
				607FACD81AFB9204008FA782 /* SelectAPIViewController.swift in Sources */,
				1F2E1A9F1FB58E2200E1022A /* AppCoordinator.swift in Sources */,
				1F578E111FBD7C7D00C17F62 /* SettingsViewController.swift in Sources */,
				0AAE6D4A1D6B6BC500EE9EDD /* NoResultViewController.swift in Sources */,
				0AAE6D4C1D6B6C0B00EE9EDD /* ResultTableViewController.swift in Sources */,
				1F2E1A9D1FB4855000E1022A /* ComponentAPIOnboardingViewController.swift in Sources */,
				1FEEADA91F793F84005BA159 /* ComponentAPICoordinator.swift in Sources */,
				607FACD61AFB9204008FA782 /* AppDelegate.swift in Sources */,
			);
			runOnlyForDeploymentPostprocessing = 0;
		};
		607FACE11AFB9204008FA782 /* Sources */ = {
			isa = PBXSourcesBuildPhase;
			buildActionMask = 2147483647;
			files = (
				1F9411881FB9F4AE0019DECD /* ComponentAPICoordinatorTests.swift in Sources */,
				1F94118B1FBAEB7D0019DECD /* ScreenAPICoordinatorTests.swift in Sources */,
				1F4ABF8E2153A2EE00020A3B /* DocumentServiceMock.swift in Sources */,
				1F578E131FBD81A300C17F62 /* SettingsViewControllerTests.swift in Sources */,
			);
			runOnlyForDeploymentPostprocessing = 0;
		};
/* End PBXSourcesBuildPhase section */

/* Begin PBXTargetDependency section */
		0A3B96581D478BF700BFEF05 /* PBXTargetDependency */ = {
			isa = PBXTargetDependency;
			target = 607FACCF1AFB9204008FA782 /* Example Swift */;
			targetProxy = 0A3B96571D478BF700BFEF05 /* PBXContainerItemProxy */;
		};
		526B9640235705730067C373 /* PBXTargetDependency */ = {
			isa = PBXTargetDependency;
			target = 1F9334FD20A334F2004BC50C /* Example ObjC */;
			targetProxy = 526B963F235705730067C373 /* PBXContainerItemProxy */;
		};
		607FACE71AFB9204008FA782 /* PBXTargetDependency */ = {
			isa = PBXTargetDependency;
			target = 607FACCF1AFB9204008FA782 /* Example Swift */;
			targetProxy = 607FACE61AFB9204008FA782 /* PBXContainerItemProxy */;
		};
/* End PBXTargetDependency section */

/* Begin PBXVariantGroup section */
		1F93350620A334F2004BC50C /* Main.storyboard */ = {
			isa = PBXVariantGroup;
			children = (
				1F93350720A334F2004BC50C /* Base */,
				1F1B913921F9BB8600EC2E60 /* de */,
			);
			name = Main.storyboard;
			sourceTree = "<group>";
		};
		1F93350B20A334F2004BC50C /* LaunchScreen.storyboard */ = {
			isa = PBXVariantGroup;
			children = (
				1F93350C20A334F2004BC50C /* Base */,
				1F1B913821F9BB8600EC2E60 /* de */,
			);
			name = LaunchScreen.storyboard;
			sourceTree = "<group>";
		};
		607FACD91AFB9204008FA782 /* Main.storyboard */ = {
			isa = PBXVariantGroup;
			children = (
				607FACDA1AFB9204008FA782 /* Base */,
				1F1B913721F9BB8600EC2E60 /* de */,
			);
			name = Main.storyboard;
			sourceTree = "<group>";
		};
		607FACDE1AFB9204008FA782 /* LaunchScreen.xib */ = {
			isa = PBXVariantGroup;
			children = (
				607FACDF1AFB9204008FA782 /* Base */,
				1F1B913621F9BB8600EC2E60 /* de */,
			);
			name = LaunchScreen.xib;
			sourceTree = "<group>";
		};
/* End PBXVariantGroup section */

/* Begin XCBuildConfiguration section */
		0A3275871D5349F5003959E4 /* Release */ = {
			isa = XCBuildConfiguration;
			buildSettings = {
				ALWAYS_SEARCH_USER_PATHS = NO;
				CLANG_ANALYZER_LOCALIZABILITY_NONLOCALIZED = YES;
				CLANG_CXX_LANGUAGE_STANDARD = "gnu++0x";
				CLANG_CXX_LIBRARY = "libc++";
				CLANG_ENABLE_MODULES = YES;
				CLANG_ENABLE_OBJC_ARC = YES;
				CLANG_WARN_BLOCK_CAPTURE_AUTORELEASING = YES;
				CLANG_WARN_BOOL_CONVERSION = YES;
				CLANG_WARN_COMMA = YES;
				CLANG_WARN_CONSTANT_CONVERSION = YES;
				CLANG_WARN_DEPRECATED_OBJC_IMPLEMENTATIONS = YES;
				CLANG_WARN_DIRECT_OBJC_ISA_USAGE = YES_ERROR;
				CLANG_WARN_EMPTY_BODY = YES;
				CLANG_WARN_ENUM_CONVERSION = YES;
				CLANG_WARN_INFINITE_RECURSION = YES;
				CLANG_WARN_INT_CONVERSION = YES;
				CLANG_WARN_NON_LITERAL_NULL_CONVERSION = YES;
				CLANG_WARN_OBJC_IMPLICIT_RETAIN_SELF = YES;
				CLANG_WARN_OBJC_LITERAL_CONVERSION = YES;
				CLANG_WARN_OBJC_ROOT_CLASS = YES_ERROR;
				CLANG_WARN_RANGE_LOOP_ANALYSIS = YES;
				CLANG_WARN_STRICT_PROTOTYPES = YES;
				CLANG_WARN_SUSPICIOUS_MOVE = YES;
				CLANG_WARN_UNREACHABLE_CODE = YES;
				CLANG_WARN__DUPLICATE_METHOD_MATCH = YES;
				"CODE_SIGN_IDENTITY[sdk=iphoneos*]" = "iPhone Developer";
				COPY_PHASE_STRIP = NO;
				DEBUG_INFORMATION_FORMAT = "dwarf-with-dsym";
				ENABLE_NS_ASSERTIONS = NO;
				ENABLE_STRICT_OBJC_MSGSEND = YES;
				GCC_C_LANGUAGE_STANDARD = gnu99;
				GCC_NO_COMMON_BLOCKS = YES;
				GCC_WARN_64_TO_32_BIT_CONVERSION = YES;
				GCC_WARN_ABOUT_RETURN_TYPE = YES_ERROR;
				GCC_WARN_UNDECLARED_SELECTOR = YES;
				GCC_WARN_UNINITIALIZED_AUTOS = YES_AGGRESSIVE;
				GCC_WARN_UNUSED_FUNCTION = YES;
				GCC_WARN_UNUSED_VARIABLE = YES;
				IPHONEOS_DEPLOYMENT_TARGET = 10.0;
				MTL_ENABLE_DEBUG_INFO = NO;
				SDKROOT = iphoneos;
				SWIFT_OBJC_BRIDGING_HEADER = "";
				SWIFT_OPTIMIZATION_LEVEL = "-Owholemodule";
				SWIFT_PRECOMPILE_BRIDGING_HEADER = NO;
				SWIFT_VERSION = 3.0;
				VALIDATE_PRODUCT = YES;
			};
			name = Release;
		};
		0A3275881D5349F5003959E4 /* Release */ = {
			isa = XCBuildConfiguration;
			baseConfigurationReference = 61A701C67CE3082AB0EC8673 /* Pods-Example Swift.release.xcconfig */;
			buildSettings = {
				ASSETCATALOG_COMPILER_APPICON_NAME = AppIcon;
				CLANG_ENABLE_MODULES = YES;
				CODE_SIGN_ENTITLEMENTS = GiniVision_Example.entitlements;
				CODE_SIGN_IDENTITY = "iPhone Developer";
				"CODE_SIGN_IDENTITY[sdk=iphoneos*]" = "iPhone Developer";
				DEVELOPMENT_TEAM = BQY9KX4V88;
				INFOPLIST_FILE = "$(SRCROOT)/Example Swift/Info.plist";
				IPHONEOS_DEPLOYMENT_TARGET = 10.0;
				LD_RUNPATH_SEARCH_PATHS = "$(inherited) @executable_path/Frameworks";
				MODULE_NAME = ExampleApp;
				PRODUCT_BUNDLE_IDENTIFIER = net.gini.ios.ginivision.release;
				PRODUCT_NAME = "$(TARGET_NAME)";
				PROVISIONING_PROFILE_SPECIFIER = "";
				SWIFT_OBJC_BRIDGING_HEADER = "";
				SWIFT_VERSION = 5.0;
				TARGETED_DEVICE_FAMILY = "1,2";
			};
			name = Release;
		};
		0A3275891D5349F5003959E4 /* Release */ = {
			isa = XCBuildConfiguration;
			baseConfigurationReference = 31B85359B1A820A66036BEFA /* Pods-Example_Tests.release.xcconfig */;
			buildSettings = {
				BUNDLE_LOADER = "$(TEST_HOST)";
				DEVELOPMENT_TEAM = BQY9KX4V88;
				FRAMEWORK_SEARCH_PATHS = "$(inherited)";
				INFOPLIST_FILE = Tests/Info.plist;
				IPHONEOS_DEPLOYMENT_TARGET = 10.0;
				LD_RUNPATH_SEARCH_PATHS = "$(inherited)";
				PRODUCT_BUNDLE_IDENTIFIER = "org.cocoapods.$(PRODUCT_NAME:rfc1034identifier)";
				PRODUCT_NAME = "$(TARGET_NAME)";
				SWIFT_VERSION = 5.0;
				TEST_HOST = "$(BUILT_PRODUCTS_DIR)/Example Swift.app/Example Swift";
			};
			name = Release;
		};
		0A32758A1D5349F5003959E4 /* Release */ = {
			isa = XCBuildConfiguration;
			baseConfigurationReference = FDD84915880AC0748A55810C /* Pods-GiniVision_UITests.release.xcconfig */;
			buildSettings = {
				CLANG_ANALYZER_NONNULL = YES;
				INFOPLIST_FILE = UITests/Info.plist;
				IPHONEOS_DEPLOYMENT_TARGET = 9.0;
				LD_RUNPATH_SEARCH_PATHS = "$(inherited) @executable_path/Frameworks @loader_path/Frameworks";
				PRODUCT_BUNDLE_IDENTIFIER = "net.gini.ios.GiniVision-UITests";
				PRODUCT_NAME = "$(TARGET_NAME)";
				SWIFT_VERSION = 5.0;
				TEST_TARGET_NAME = "Example Swift";
			};
			name = Release;
		};
		0A3B96591D478BF700BFEF05 /* Debug */ = {
			isa = XCBuildConfiguration;
			baseConfigurationReference = 156A507DBF7F781FDA55A5E2 /* Pods-GiniVision_UITests.debug.xcconfig */;
			buildSettings = {
				CLANG_ANALYZER_NONNULL = YES;
				DEBUG_INFORMATION_FORMAT = dwarf;
				INFOPLIST_FILE = UITests/Info.plist;
				IPHONEOS_DEPLOYMENT_TARGET = 9.0;
				LD_RUNPATH_SEARCH_PATHS = "$(inherited) @executable_path/Frameworks @loader_path/Frameworks";
				PRODUCT_BUNDLE_IDENTIFIER = "net.gini.ios.GiniVision-UITests";
				PRODUCT_NAME = "$(TARGET_NAME)";
				SWIFT_VERSION = 5.0;
				TEST_TARGET_NAME = "Example Swift";
			};
			name = Debug;
		};
		0A3B965A1D478BF700BFEF05 /* In House */ = {
			isa = XCBuildConfiguration;
			baseConfigurationReference = 9D28D3A8D252D1E9ECD44FB2 /* Pods-GiniVision_UITests.in house.xcconfig */;
			buildSettings = {
				CLANG_ANALYZER_NONNULL = YES;
				INFOPLIST_FILE = UITests/Info.plist;
				IPHONEOS_DEPLOYMENT_TARGET = 9.0;
				LD_RUNPATH_SEARCH_PATHS = "$(inherited) @executable_path/Frameworks @loader_path/Frameworks";
				PRODUCT_BUNDLE_IDENTIFIER = "net.gini.ios.GiniVision-UITests";
				PRODUCT_NAME = "$(TARGET_NAME)";
				SWIFT_VERSION = 5.0;
				TEST_TARGET_NAME = "Example Swift";
			};
			name = "In House";
		};
		1F93351C20A334F2004BC50C /* Debug */ = {
			isa = XCBuildConfiguration;
			baseConfigurationReference = 07E7021AB18736660769D42D /* Pods-Example ObjC.debug.xcconfig */;
			buildSettings = {
				ASSETCATALOG_COMPILER_APPICON_NAME = AppIcon;
				CLANG_ANALYZER_NONNULL = YES;
				CLANG_ANALYZER_NUMBER_OBJECT_CONVERSION = YES_AGGRESSIVE;
				CLANG_CXX_LANGUAGE_STANDARD = "gnu++14";
				CLANG_ENABLE_OBJC_WEAK = YES;
				CLANG_WARN_DOCUMENTATION_COMMENTS = YES;
				CLANG_WARN_UNGUARDED_AVAILABILITY = YES_AGGRESSIVE;
				CODE_SIGN_IDENTITY = "iPhone Developer";
				CODE_SIGN_STYLE = Automatic;
				DEBUG_INFORMATION_FORMAT = dwarf;
				DEVELOPMENT_TEAM = BQY9KX4V88;
				GCC_C_LANGUAGE_STANDARD = gnu11;
				INFOPLIST_FILE = "Example ObjC/Info.plist";
				IPHONEOS_DEPLOYMENT_TARGET = 11.3;
				LD_RUNPATH_SEARCH_PATHS = "$(inherited) @executable_path/Frameworks";
				PRODUCT_BUNDLE_IDENTIFIER = "gini.Example-ObjC";
				PRODUCT_NAME = "$(TARGET_NAME)";
				TARGETED_DEVICE_FAMILY = "1,2";
			};
			name = Debug;
		};
		1F93351D20A334F2004BC50C /* In House */ = {
			isa = XCBuildConfiguration;
			baseConfigurationReference = 64CB6962E71E0CCADA45059C /* Pods-Example ObjC.in house.xcconfig */;
			buildSettings = {
				ASSETCATALOG_COMPILER_APPICON_NAME = AppIcon;
				CLANG_ANALYZER_NONNULL = YES;
				CLANG_ANALYZER_NUMBER_OBJECT_CONVERSION = YES_AGGRESSIVE;
				CLANG_CXX_LANGUAGE_STANDARD = "gnu++14";
				CLANG_ENABLE_OBJC_WEAK = YES;
				CLANG_WARN_DOCUMENTATION_COMMENTS = YES;
				CLANG_WARN_UNGUARDED_AVAILABILITY = YES_AGGRESSIVE;
				CODE_SIGN_IDENTITY = "iPhone Developer";
				CODE_SIGN_STYLE = Automatic;
				DEVELOPMENT_TEAM = BQY9KX4V88;
				GCC_C_LANGUAGE_STANDARD = gnu11;
				INFOPLIST_FILE = "Example ObjC/Info.plist";
				IPHONEOS_DEPLOYMENT_TARGET = 11.3;
				LD_RUNPATH_SEARCH_PATHS = "$(inherited) @executable_path/Frameworks";
				PRODUCT_BUNDLE_IDENTIFIER = "gini.Example-ObjC";
				PRODUCT_NAME = "$(TARGET_NAME)";
				TARGETED_DEVICE_FAMILY = "1,2";
			};
			name = "In House";
		};
		1F93351E20A334F2004BC50C /* Release */ = {
			isa = XCBuildConfiguration;
			baseConfigurationReference = 681CE585C2FA75F65D767DA2 /* Pods-Example ObjC.release.xcconfig */;
			buildSettings = {
				ASSETCATALOG_COMPILER_APPICON_NAME = AppIcon;
				CLANG_ANALYZER_NONNULL = YES;
				CLANG_ANALYZER_NUMBER_OBJECT_CONVERSION = YES_AGGRESSIVE;
				CLANG_CXX_LANGUAGE_STANDARD = "gnu++14";
				CLANG_ENABLE_OBJC_WEAK = YES;
				CLANG_WARN_DOCUMENTATION_COMMENTS = YES;
				CLANG_WARN_UNGUARDED_AVAILABILITY = YES_AGGRESSIVE;
				CODE_SIGN_IDENTITY = "iPhone Developer";
				CODE_SIGN_STYLE = Automatic;
				DEVELOPMENT_TEAM = BQY9KX4V88;
				GCC_C_LANGUAGE_STANDARD = gnu11;
				INFOPLIST_FILE = "Example ObjC/Info.plist";
				IPHONEOS_DEPLOYMENT_TARGET = 11.3;
				LD_RUNPATH_SEARCH_PATHS = "$(inherited) @executable_path/Frameworks";
				PRODUCT_BUNDLE_IDENTIFIER = "gini.Example-ObjC";
				PRODUCT_NAME = "$(TARGET_NAME)";
				TARGETED_DEVICE_FAMILY = "1,2";
			};
			name = Release;
		};
		607FACED1AFB9204008FA782 /* Debug */ = {
			isa = XCBuildConfiguration;
			buildSettings = {
				ALWAYS_SEARCH_USER_PATHS = NO;
				CLANG_ANALYZER_LOCALIZABILITY_NONLOCALIZED = YES;
				CLANG_CXX_LANGUAGE_STANDARD = "gnu++0x";
				CLANG_CXX_LIBRARY = "libc++";
				CLANG_ENABLE_MODULES = YES;
				CLANG_ENABLE_OBJC_ARC = YES;
				CLANG_WARN_BLOCK_CAPTURE_AUTORELEASING = YES;
				CLANG_WARN_BOOL_CONVERSION = YES;
				CLANG_WARN_COMMA = YES;
				CLANG_WARN_CONSTANT_CONVERSION = YES;
				CLANG_WARN_DEPRECATED_OBJC_IMPLEMENTATIONS = YES;
				CLANG_WARN_DIRECT_OBJC_ISA_USAGE = YES_ERROR;
				CLANG_WARN_EMPTY_BODY = YES;
				CLANG_WARN_ENUM_CONVERSION = YES;
				CLANG_WARN_INFINITE_RECURSION = YES;
				CLANG_WARN_INT_CONVERSION = YES;
				CLANG_WARN_NON_LITERAL_NULL_CONVERSION = YES;
				CLANG_WARN_OBJC_IMPLICIT_RETAIN_SELF = YES;
				CLANG_WARN_OBJC_LITERAL_CONVERSION = YES;
				CLANG_WARN_OBJC_ROOT_CLASS = YES_ERROR;
				CLANG_WARN_RANGE_LOOP_ANALYSIS = YES;
				CLANG_WARN_STRICT_PROTOTYPES = YES;
				CLANG_WARN_SUSPICIOUS_MOVE = YES;
				CLANG_WARN_UNREACHABLE_CODE = YES;
				CLANG_WARN__DUPLICATE_METHOD_MATCH = YES;
				"CODE_SIGN_IDENTITY[sdk=iphoneos*]" = "iPhone Developer";
				COPY_PHASE_STRIP = NO;
				DEBUG_INFORMATION_FORMAT = "dwarf-with-dsym";
				ENABLE_STRICT_OBJC_MSGSEND = YES;
				ENABLE_TESTABILITY = YES;
				GCC_C_LANGUAGE_STANDARD = gnu99;
				GCC_DYNAMIC_NO_PIC = NO;
				GCC_NO_COMMON_BLOCKS = YES;
				GCC_OPTIMIZATION_LEVEL = 0;
				GCC_PREPROCESSOR_DEFINITIONS = (
					"DEBUG=1",
					"$(inherited)",
				);
				GCC_SYMBOLS_PRIVATE_EXTERN = NO;
				GCC_WARN_64_TO_32_BIT_CONVERSION = YES;
				GCC_WARN_ABOUT_RETURN_TYPE = YES_ERROR;
				GCC_WARN_UNDECLARED_SELECTOR = YES;
				GCC_WARN_UNINITIALIZED_AUTOS = YES_AGGRESSIVE;
				GCC_WARN_UNUSED_FUNCTION = YES;
				GCC_WARN_UNUSED_VARIABLE = YES;
				IPHONEOS_DEPLOYMENT_TARGET = 10.0;
				MTL_ENABLE_DEBUG_INFO = YES;
				ONLY_ACTIVE_ARCH = YES;
				SDKROOT = iphoneos;
				SWIFT_OBJC_BRIDGING_HEADER = "";
				SWIFT_OPTIMIZATION_LEVEL = "-Onone";
				SWIFT_PRECOMPILE_BRIDGING_HEADER = NO;
				SWIFT_VERSION = 3.0;
			};
			name = Debug;
		};
		607FACEE1AFB9204008FA782 /* In House */ = {
			isa = XCBuildConfiguration;
			buildSettings = {
				ALWAYS_SEARCH_USER_PATHS = NO;
				CLANG_ANALYZER_LOCALIZABILITY_NONLOCALIZED = YES;
				CLANG_CXX_LANGUAGE_STANDARD = "gnu++0x";
				CLANG_CXX_LIBRARY = "libc++";
				CLANG_ENABLE_MODULES = YES;
				CLANG_ENABLE_OBJC_ARC = YES;
				CLANG_WARN_BLOCK_CAPTURE_AUTORELEASING = YES;
				CLANG_WARN_BOOL_CONVERSION = YES;
				CLANG_WARN_COMMA = YES;
				CLANG_WARN_CONSTANT_CONVERSION = YES;
				CLANG_WARN_DEPRECATED_OBJC_IMPLEMENTATIONS = YES;
				CLANG_WARN_DIRECT_OBJC_ISA_USAGE = YES_ERROR;
				CLANG_WARN_EMPTY_BODY = YES;
				CLANG_WARN_ENUM_CONVERSION = YES;
				CLANG_WARN_INFINITE_RECURSION = YES;
				CLANG_WARN_INT_CONVERSION = YES;
				CLANG_WARN_NON_LITERAL_NULL_CONVERSION = YES;
				CLANG_WARN_OBJC_IMPLICIT_RETAIN_SELF = YES;
				CLANG_WARN_OBJC_LITERAL_CONVERSION = YES;
				CLANG_WARN_OBJC_ROOT_CLASS = YES_ERROR;
				CLANG_WARN_RANGE_LOOP_ANALYSIS = YES;
				CLANG_WARN_STRICT_PROTOTYPES = YES;
				CLANG_WARN_SUSPICIOUS_MOVE = YES;
				CLANG_WARN_UNREACHABLE_CODE = YES;
				CLANG_WARN__DUPLICATE_METHOD_MATCH = YES;
				"CODE_SIGN_IDENTITY[sdk=iphoneos*]" = "iPhone Developer";
				COPY_PHASE_STRIP = NO;
				DEBUG_INFORMATION_FORMAT = "dwarf-with-dsym";
				ENABLE_NS_ASSERTIONS = NO;
				ENABLE_STRICT_OBJC_MSGSEND = YES;
				GCC_C_LANGUAGE_STANDARD = gnu99;
				GCC_NO_COMMON_BLOCKS = YES;
				GCC_WARN_64_TO_32_BIT_CONVERSION = YES;
				GCC_WARN_ABOUT_RETURN_TYPE = YES_ERROR;
				GCC_WARN_UNDECLARED_SELECTOR = YES;
				GCC_WARN_UNINITIALIZED_AUTOS = YES_AGGRESSIVE;
				GCC_WARN_UNUSED_FUNCTION = YES;
				GCC_WARN_UNUSED_VARIABLE = YES;
				IPHONEOS_DEPLOYMENT_TARGET = 10.0;
				MTL_ENABLE_DEBUG_INFO = NO;
				SDKROOT = iphoneos;
				SWIFT_OBJC_BRIDGING_HEADER = "";
				SWIFT_PRECOMPILE_BRIDGING_HEADER = NO;
				SWIFT_VERSION = 3.0;
				VALIDATE_PRODUCT = YES;
			};
			name = "In House";
		};
		607FACF01AFB9204008FA782 /* Debug */ = {
			isa = XCBuildConfiguration;
			baseConfigurationReference = A94F6FC7E0AE3233DEBE506E /* Pods-Example Swift.debug.xcconfig */;
			buildSettings = {
				ASSETCATALOG_COMPILER_APPICON_NAME = AppIcon;
				CLANG_ENABLE_MODULES = YES;
				CODE_SIGN_ENTITLEMENTS = GiniVision_Example.entitlements;
				CODE_SIGN_IDENTITY = "iPhone Developer";
				"CODE_SIGN_IDENTITY[sdk=iphoneos*]" = "iPhone Developer";
				DEVELOPMENT_TEAM = BQY9KX4V88;
				INFOPLIST_FILE = "$(SRCROOT)/Example Swift/Info.plist";
				IPHONEOS_DEPLOYMENT_TARGET = 10.0;
				LD_RUNPATH_SEARCH_PATHS = "$(inherited) @executable_path/Frameworks";
				MODULE_NAME = ExampleApp;
				OTHER_SWIFT_FLAGS = "$(inherited) \"-D\" \"COCOAPODS\" -DDEBUG";
				PRODUCT_BUNDLE_IDENTIFIER = net.gini.ios.ginivision.dev;
				PRODUCT_NAME = "$(TARGET_NAME)";
				PROVISIONING_PROFILE = "";
				PROVISIONING_PROFILE_SPECIFIER = "";
				SWIFT_OBJC_BRIDGING_HEADER = "";
				SWIFT_OPTIMIZATION_LEVEL = "-Onone";
				SWIFT_VERSION = 5.0;
				TARGETED_DEVICE_FAMILY = "1,2";
			};
			name = Debug;
		};
		607FACF11AFB9204008FA782 /* In House */ = {
			isa = XCBuildConfiguration;
			baseConfigurationReference = 60EC94F8BBE625F0B72757CB /* Pods-Example Swift.in house.xcconfig */;
			buildSettings = {
				ASSETCATALOG_COMPILER_APPICON_NAME = AppIcon;
				CLANG_ENABLE_MODULES = YES;
				CODE_SIGN_ENTITLEMENTS = GiniVision_Example.entitlements;
				CODE_SIGN_IDENTITY = "iPhone Developer";
				"CODE_SIGN_IDENTITY[sdk=iphoneos*]" = "iPhone Developer";
				DEVELOPMENT_TEAM = BQY9KX4V88;
				INFOPLIST_FILE = "$(SRCROOT)/Example Swift/Info.plist";
				IPHONEOS_DEPLOYMENT_TARGET = 10.0;
				LD_RUNPATH_SEARCH_PATHS = "$(inherited) @executable_path/Frameworks";
				MODULE_NAME = ExampleApp;
				PRODUCT_BUNDLE_IDENTIFIER = "net.gini.ios.ginivision.in-house";
				PRODUCT_NAME = "$(TARGET_NAME)";
				PROVISIONING_PROFILE = "";
				PROVISIONING_PROFILE_SPECIFIER = "";
				SWIFT_OBJC_BRIDGING_HEADER = "";
				SWIFT_VERSION = 5.0;
				TARGETED_DEVICE_FAMILY = "1,2";
			};
			name = "In House";
		};
		607FACF31AFB9204008FA782 /* Debug */ = {
			isa = XCBuildConfiguration;
			baseConfigurationReference = B61EB811A8C45FEA2ECA7917 /* Pods-Example_Tests.debug.xcconfig */;
			buildSettings = {
				BUNDLE_LOADER = "$(TEST_HOST)";
				DEVELOPMENT_TEAM = BQY9KX4V88;
				FRAMEWORK_SEARCH_PATHS = "$(inherited)";
				GCC_PREPROCESSOR_DEFINITIONS = (
					"DEBUG=1",
					"$(inherited)",
				);
				INFOPLIST_FILE = Tests/Info.plist;
				IPHONEOS_DEPLOYMENT_TARGET = 10.0;
				LD_RUNPATH_SEARCH_PATHS = "$(inherited)";
				PRODUCT_BUNDLE_IDENTIFIER = "org.cocoapods.$(PRODUCT_NAME:rfc1034identifier)";
				PRODUCT_NAME = "$(TARGET_NAME)";
				SWIFT_VERSION = 5.0;
				TEST_HOST = "$(BUILT_PRODUCTS_DIR)/Example Swift.app/Example Swift";
			};
			name = Debug;
		};
		607FACF41AFB9204008FA782 /* In House */ = {
			isa = XCBuildConfiguration;
			baseConfigurationReference = EB92C15B9A53B0CB41B54CE4 /* Pods-Example_Tests.in house.xcconfig */;
			buildSettings = {
				BUNDLE_LOADER = "$(TEST_HOST)";
				DEVELOPMENT_TEAM = BQY9KX4V88;
				FRAMEWORK_SEARCH_PATHS = "$(inherited)";
				INFOPLIST_FILE = Tests/Info.plist;
				IPHONEOS_DEPLOYMENT_TARGET = 10.0;
				LD_RUNPATH_SEARCH_PATHS = "$(inherited)";
				PRODUCT_BUNDLE_IDENTIFIER = "org.cocoapods.$(PRODUCT_NAME:rfc1034identifier)";
				PRODUCT_NAME = "$(TARGET_NAME)";
				SWIFT_VERSION = 5.0;
				TEST_HOST = "$(BUILT_PRODUCTS_DIR)/Example Swift.app/Example Swift";
			};
			name = "In House";
		};
/* End XCBuildConfiguration section */

/* Begin XCConfigurationList section */
		0A3B965B1D478BF700BFEF05 /* Build configuration list for PBXNativeTarget "GiniVision_UITests" */ = {
			isa = XCConfigurationList;
			buildConfigurations = (
				0A3B96591D478BF700BFEF05 /* Debug */,
				0A3B965A1D478BF700BFEF05 /* In House */,
				0A32758A1D5349F5003959E4 /* Release */,
			);
			defaultConfigurationIsVisible = 0;
			defaultConfigurationName = Debug;
		};
		1F93352220A334F2004BC50C /* Build configuration list for PBXNativeTarget "Example ObjC" */ = {
			isa = XCConfigurationList;
			buildConfigurations = (
				1F93351C20A334F2004BC50C /* Debug */,
				1F93351D20A334F2004BC50C /* In House */,
				1F93351E20A334F2004BC50C /* Release */,
			);
			defaultConfigurationIsVisible = 0;
			defaultConfigurationName = Debug;
		};
		607FACCB1AFB9204008FA782 /* Build configuration list for PBXProject "GiniVision" */ = {
			isa = XCConfigurationList;
			buildConfigurations = (
				607FACED1AFB9204008FA782 /* Debug */,
				607FACEE1AFB9204008FA782 /* In House */,
				0A3275871D5349F5003959E4 /* Release */,
			);
			defaultConfigurationIsVisible = 0;
			defaultConfigurationName = Debug;
		};
		607FACEF1AFB9204008FA782 /* Build configuration list for PBXNativeTarget "Example Swift" */ = {
			isa = XCConfigurationList;
			buildConfigurations = (
				607FACF01AFB9204008FA782 /* Debug */,
				607FACF11AFB9204008FA782 /* In House */,
				0A3275881D5349F5003959E4 /* Release */,
			);
			defaultConfigurationIsVisible = 0;
			defaultConfigurationName = Debug;
		};
		607FACF21AFB9204008FA782 /* Build configuration list for PBXNativeTarget "Example_Tests" */ = {
			isa = XCConfigurationList;
			buildConfigurations = (
				607FACF31AFB9204008FA782 /* Debug */,
				607FACF41AFB9204008FA782 /* In House */,
				0A3275891D5349F5003959E4 /* Release */,
			);
			defaultConfigurationIsVisible = 0;
			defaultConfigurationName = Debug;
		};
/* End XCConfigurationList section */
	};
	rootObject = 607FACC81AFB9204008FA782 /* Project object */;
}
